// !$*UTF8*$!
{
	archiveVersion = 1;
	classes = {
	};
	objectVersion = 54;
	objects = {

/* Begin PBXBuildFile section */
		004CDE4D8937E0D0FCA6EF44 /* libPods-Papillon.a in Frameworks */ = {isa = PBXBuildFile; fileRef = 9503AE3FAA359B622591F46D /* libPods-Papillon.a */; };
		06F370AFBA094D7DA7E48A93 /* FixelText-Light.otf in Resources */ = {isa = PBXBuildFile; fileRef = A0250FC436AD41F6B802BAAA /* FixelText-Light.otf */; };
		084372D7A3FC480ABACAE018 /* SNPro-Black.ttf in Resources */ = {isa = PBXBuildFile; fileRef = 10CF56D45E074012AA8A9DEB /* SNPro-Black.ttf */; };
		091B5B8678FD452E9074B989 /* Oxanium-Light.ttf in Resources */ = {isa = PBXBuildFile; fileRef = 63C9DB0EF87646CFA5C6367C /* Oxanium-Light.ttf */; };
		13B07FBF1A68108700A75B9A /* Images.xcassets in Resources */ = {isa = PBXBuildFile; fileRef = 13B07FB51A68108700A75B9A /* Images.xcassets */; };
		277423D0F81148668A1CA4DF /* Oxanium-Medium.ttf in Resources */ = {isa = PBXBuildFile; fileRef = 7FB1CCB68ED14C15AA7FD1EF /* Oxanium-Medium.ttf */; };
		2ACB074A655B4ECAB82B9CD3 /* app.icon in Resources */ = {isa = PBXBuildFile; fileRef = 7C3D8DB224C540509B428002 /* app.icon */; };
		2FF2B7E6DF48428182A3D71C /* Oxanium-Bold.ttf in Resources */ = {isa = PBXBuildFile; fileRef = 4200F94BD81F42FFBAE6031A /* Oxanium-Bold.ttf */; };
		3985085275894F229BA1AE51 /* SNPro-Semibold.ttf in Resources */ = {isa = PBXBuildFile; fileRef = 23ECA1B7E05E45B3AA364B59 /* SNPro-Semibold.ttf */; };
		3E461D99554A48A4959DE609 /* SplashScreen.storyboard in Resources */ = {isa = PBXBuildFile; fileRef = AA286B85B6C04FC6940260E9 /* SplashScreen.storyboard */; };
		419053B80A8256B4A18F43D8 /* PrivacyInfo.xcprivacy in Resources */ = {isa = PBXBuildFile; fileRef = E7DC205EB02AA7C452C24F4A /* PrivacyInfo.xcprivacy */; };
		43F68AB0796345C7AF05401D /* PapillonWidgets.appex in Embed Foundation Extensions */ = {isa = PBXBuildFile; fileRef = E3BD95C0CB8E499E92B99BC9 /* PapillonWidgets.appex */; };
		462A19819FB94AAF95A08426 /* SNPro-Regular.ttf in Resources */ = {isa = PBXBuildFile; fileRef = 83A896A63E4C417C86258888 /* SNPro-Regular.ttf */; };
		4FC3A4B8B1D04370A677100A /* FixelText-Bold.otf in Resources */ = {isa = PBXBuildFile; fileRef = 1F9A4D230CC745319A4BC1AC /* FixelText-Bold.otf */; };
		515B1F3002A54203BCC18D9A /* AppShortcuts.xcstrings in Resources */ = {isa = PBXBuildFile; fileRef = 3ACB1AD1F98E493A817834B1 /* AppShortcuts.xcstrings */; };
		58870D2F67B44B368E18091A /* CoreML.framework in Frameworks */ = {isa = PBXBuildFile; fileRef = 1844DE76FD144FE7A3FBAFE6 /* CoreML.framework */; };
		67D9258374034CAD8BCD23AB /* FixelText-SemiBold.otf in Resources */ = {isa = PBXBuildFile; fileRef = CA535099291A4C32834D509D /* FixelText-SemiBold.otf */; };
		72E907BB45F2431DB5003C9E /* IBMPlexSerif-SemiBold.ttf in Resources */ = {isa = PBXBuildFile; fileRef = 9C6C2458AA0C4E859FB37EF5 /* IBMPlexSerif-SemiBold.ttf */; };
		7CF30F80E45349F79219AF54 /* PapillonAppShortcuts.swift in Sources */ = {isa = PBXBuildFile; fileRef = AFE456D289A04B7688577A7A /* PapillonAppShortcuts.swift */; };
		7EBC98D01E434DFFB309FB3B /* SNPro-Medium.ttf in Resources */ = {isa = PBXBuildFile; fileRef = 2E8DC1D3C7054477902C648F /* SNPro-Medium.ttf */; };
		7FE0145F308A429181C6D24B /* SNPro-Light.ttf in Resources */ = {isa = PBXBuildFile; fileRef = A049845FAE4E4839AAA2E0DB /* SNPro-Light.ttf */; };
		84D4F67DC5844C4989433935 /* PapillonWidgetStrings.json in Resources */ = {isa = PBXBuildFile; fileRef = 819434D08BCE4160A066FAF8 /* PapillonWidgetStrings.json */; };
		9055E485A66043C6801F8343 /* IBMPlexSerif-Regular.ttf in Resources */ = {isa = PBXBuildFile; fileRef = 2D9143FED21D4D2DAE16B8EE /* IBMPlexSerif-Regular.ttf */; };
		95DBEEEEACF44CAB9BA1A44E /* IBMPlexSerif-Medium.ttf in Resources */ = {isa = PBXBuildFile; fileRef = B4B7D0A288F24092AFE56D46 /* IBMPlexSerif-Medium.ttf */; };
		97BBC63219C7CEF3A92AA4E9 /* libPods-PapillonWidgets.a in Frameworks */ = {isa = PBXBuildFile; fileRef = 7841AEF011874635081ECEAA /* libPods-PapillonWidgets.a */; };
		97FDA3EC3103E82EC6DE1113 /* ExpoModulesProvider.swift in Sources */ = {isa = PBXBuildFile; fileRef = 941DDF2E88A4EE3474FDABB4 /* ExpoModulesProvider.swift */; };
		A6AA0279548A463484F478A4 /* FixelText-Medium.otf in Resources */ = {isa = PBXBuildFile; fileRef = 6F534F8E47894D7287BFA394 /* FixelText-Medium.otf */; };
		AA2CEEE281FE4710A74F368D /* IBMPlexSerif-Light.ttf in Resources */ = {isa = PBXBuildFile; fileRef = 76529975A31B42F6A90C0CA1 /* IBMPlexSerif-Light.ttf */; };
		BB2F792D24A3F905000567C9 /* Expo.plist in Resources */ = {isa = PBXBuildFile; fileRef = BB2F792C24A3F905000567C9 /* Expo.plist */; };
		C1692BB33AA043ED92379179 /* Oxanium-Regular.ttf in Resources */ = {isa = PBXBuildFile; fileRef = 87D3FE628126449F8A6CDCF8 /* Oxanium-Regular.ttf */; };
		C71BE23D914541C2A03E00B8 /* SNPro-Bold.ttf in Resources */ = {isa = PBXBuildFile; fileRef = 25CD052ED277400F84265B24 /* SNPro-Bold.ttf */; };
		D54314F64E47413DBFFDD90B /* IBMPlexSerif-Bold.ttf in Resources */ = {isa = PBXBuildFile; fileRef = 2321B026272841D29AACB8F3 /* IBMPlexSerif-Bold.ttf */; };
		E61F6518A7D74751BC0D3B6C /* PapillonWidgets.swift in Sources */ = {isa = PBXBuildFile; fileRef = EE1C0C3F83D74E0DA0688334 /* PapillonWidgets.swift */; };
		F11748422D0307B40044C1D9 /* AppDelegate.swift in Sources */ = {isa = PBXBuildFile; fileRef = F11748412D0307B40044C1D9 /* AppDelegate.swift */; };
		F48049C2E0BB46BFA3DA93C4 /* FixelText-Regular.otf in Resources */ = {isa = PBXBuildFile; fileRef = F6030069D9554A30A7243270 /* FixelText-Regular.otf */; };
		FCE50FFE04E2404DB8AC32DB /* Courgette-Regular.ttf in Resources */ = {isa = PBXBuildFile; fileRef = 6FECCDDB512C49EB96BF7963 /* Courgette-Regular.ttf */; };
		FDF8C28D1C2843ABAA26CB4B /* Oxanium-SemiBold.ttf in Resources */ = {isa = PBXBuildFile; fileRef = 37DFCA61D104415297B2817F /* Oxanium-SemiBold.ttf */; };
/* End PBXBuildFile section */

/* Begin PBXContainerItemProxy section */
		344843E1B7914B1B98BAAEE9 /* PBXContainerItemProxy */ = {
			isa = PBXContainerItemProxy;
			containerPortal = 83CBB9F71A601CBA00E9B192 /* Project object */;
			proxyType = 1;
			remoteGlobalIDString = 31E30E51392B4577B9CFFBB0;
			remoteInfo = PapillonWidgets;
		};
/* End PBXContainerItemProxy section */

/* Begin PBXCopyFilesBuildPhase section */
		FA945415E23F433DBE2EA656 /* Embed Foundation Extensions */ = {
			isa = PBXCopyFilesBuildPhase;
			buildActionMask = 2147483647;
			dstPath = "";
			dstSubfolderSpec = 13;
			files = (
				43F68AB0796345C7AF05401D /* PapillonWidgets.appex in Embed Foundation Extensions */,
			);
			name = "Embed Foundation Extensions";
			runOnlyForDeploymentPostprocessing = 0;
		};
/* End PBXCopyFilesBuildPhase section */

/* Begin PBXFileReference section */
		10CF56D45E074012AA8A9DEB /* SNPro-Black.ttf */ = {isa = PBXFileReference; includeInIndex = 0; lastKnownFileType = file; name = "SNPro-Black.ttf"; path = "Fonts/SNPro-Black.ttf"; sourceTree = "<group>"; };
		13B07F961A680F5B00A75B9A /* Papillon.app */ = {isa = PBXFileReference; explicitFileType = wrapper.application; includeInIndex = 0; path = Papillon.app; sourceTree = BUILT_PRODUCTS_DIR; };
		13B07FB51A68108700A75B9A /* Images.xcassets */ = {isa = PBXFileReference; lastKnownFileType = folder.assetcatalog; name = Images.xcassets; path = Papillon/Images.xcassets; sourceTree = "<group>"; };
		13B07FB61A68108700A75B9A /* Info.plist */ = {isa = PBXFileReference; fileEncoding = 4; lastKnownFileType = text.plist.xml; name = Info.plist; path = Papillon/Info.plist; sourceTree = "<group>"; };
		1844DE76FD144FE7A3FBAFE6 /* CoreML.framework */ = {isa = PBXFileReference; explicitFileType = undefined; fileEncoding = 506165832377; includeInIndex = 0; lastKnownFileType = wrapper.framework; name = CoreML.framework; path = System/Library/Frameworks/CoreML.framework; sourceTree = SDKROOT; };
		1F9A4D230CC745319A4BC1AC /* FixelText-Bold.otf */ = {isa = PBXFileReference; includeInIndex = 0; lastKnownFileType = file; name = "FixelText-Bold.otf"; path = "Fonts/FixelText-Bold.otf"; sourceTree = "<group>"; };
		2321B026272841D29AACB8F3 /* IBMPlexSerif-Bold.ttf */ = {isa = PBXFileReference; includeInIndex = 0; lastKnownFileType = file; name = "IBMPlexSerif-Bold.ttf"; path = "Fonts/IBMPlexSerif-Bold.ttf"; sourceTree = "<group>"; };
		23ECA1B7E05E45B3AA364B59 /* SNPro-Semibold.ttf */ = {isa = PBXFileReference; includeInIndex = 0; lastKnownFileType = file; name = "SNPro-Semibold.ttf"; path = "Fonts/SNPro-Semibold.ttf"; sourceTree = "<group>"; };
		25CD052ED277400F84265B24 /* SNPro-Bold.ttf */ = {isa = PBXFileReference; includeInIndex = 0; lastKnownFileType = file; name = "SNPro-Bold.ttf"; path = "Fonts/SNPro-Bold.ttf"; sourceTree = "<group>"; };
		2D9143FED21D4D2DAE16B8EE /* IBMPlexSerif-Regular.ttf */ = {isa = PBXFileReference; includeInIndex = 0; lastKnownFileType = file; name = "IBMPlexSerif-Regular.ttf"; path = "Fonts/IBMPlexSerif-Regular.ttf"; sourceTree = "<group>"; };
		2E8DC1D3C7054477902C648F /* SNPro-Medium.ttf */ = {isa = PBXFileReference; includeInIndex = 0; lastKnownFileType = file; name = "SNPro-Medium.ttf"; path = "Fonts/SNPro-Medium.ttf"; sourceTree = "<group>"; };
		37DFCA61D104415297B2817F /* Oxanium-SemiBold.ttf */ = {isa = PBXFileReference; includeInIndex = 0; lastKnownFileType = file; name = "Oxanium-SemiBold.ttf"; path = "Fonts/Oxanium-SemiBold.ttf"; sourceTree = "<group>"; };
		3ACB1AD1F98E493A817834B1 /* AppShortcuts.xcstrings */ = {isa = PBXFileReference; includeInIndex = 0; lastKnownFileType = text.json.xcstrings; name = AppShortcuts.xcstrings; path = Papillon/AppShortcuts.xcstrings; sourceTree = "<group>"; };
		4200F94BD81F42FFBAE6031A /* Oxanium-Bold.ttf */ = {isa = PBXFileReference; includeInIndex = 0; lastKnownFileType = file; name = "Oxanium-Bold.ttf"; path = "Fonts/Oxanium-Bold.ttf"; sourceTree = "<group>"; };
		45CCA6758B8FACBBB7D740B2 /* Pods-Papillon.release.xcconfig */ = {isa = PBXFileReference; includeInIndex = 1; lastKnownFileType = text.xcconfig; name = "Pods-Papillon.release.xcconfig"; path = "Target Support Files/Pods-Papillon/Pods-Papillon.release.xcconfig"; sourceTree = "<group>"; };
		4959C23D4D72800EAD0AD158 /* Pods-Papillon.debug.xcconfig */ = {isa = PBXFileReference; includeInIndex = 1; lastKnownFileType = text.xcconfig; name = "Pods-Papillon.debug.xcconfig"; path = "Target Support Files/Pods-Papillon/Pods-Papillon.debug.xcconfig"; sourceTree = "<group>"; };
		57DF8F0BE47E4226A392708A /* Info.plist */ = {isa = PBXFileReference; explicitFileType = undefined; fileEncoding = 4; includeInIndex = 0; lastKnownFileType = text.plist.xml; path = Info.plist; sourceTree = "<group>"; };
		63C9DB0EF87646CFA5C6367C /* Oxanium-Light.ttf */ = {isa = PBXFileReference; includeInIndex = 0; lastKnownFileType = file; name = "Oxanium-Light.ttf"; path = "Fonts/Oxanium-Light.ttf"; sourceTree = "<group>"; };
		6F534F8E47894D7287BFA394 /* FixelText-Medium.otf */ = {isa = PBXFileReference; includeInIndex = 0; lastKnownFileType = file; name = "FixelText-Medium.otf"; path = "Fonts/FixelText-Medium.otf"; sourceTree = "<group>"; };
		6FECCDDB512C49EB96BF7963 /* Courgette-Regular.ttf */ = {isa = PBXFileReference; includeInIndex = 0; lastKnownFileType = file; name = "Courgette-Regular.ttf"; path = "Fonts/Courgette-Regular.ttf"; sourceTree = "<group>"; };
		7624C8C8AC1F4CB0A0C0DAB8 /* PapillonWidgets.entitlements */ = {isa = PBXFileReference; explicitFileType = undefined; fileEncoding = 506165832377; includeInIndex = 0; lastKnownFileType = unknown; path = PapillonWidgets.entitlements; sourceTree = "<group>"; };
		76529975A31B42F6A90C0CA1 /* IBMPlexSerif-Light.ttf */ = {isa = PBXFileReference; includeInIndex = 0; lastKnownFileType = file; name = "IBMPlexSerif-Light.ttf"; path = "Fonts/IBMPlexSerif-Light.ttf"; sourceTree = "<group>"; };
		7841AEF011874635081ECEAA /* libPods-PapillonWidgets.a */ = {isa = PBXFileReference; explicitFileType = archive.ar; includeInIndex = 0; path = "libPods-PapillonWidgets.a"; sourceTree = BUILT_PRODUCTS_DIR; };
		7C3D8DB224C540509B428002 /* app.icon */ = {isa = PBXFileReference; explicitFileType = undefined; fileEncoding = 506165832377; includeInIndex = 0; lastKnownFileType = unknown; name = app.icon; path = Papillon/app.icon; sourceTree = "<group>"; };
		7DB5A6480A2820511A4CDCFC /* Pods-PapillonWidgets.release.xcconfig */ = {isa = PBXFileReference; includeInIndex = 1; lastKnownFileType = text.xcconfig; name = "Pods-PapillonWidgets.release.xcconfig"; path = "Target Support Files/Pods-PapillonWidgets/Pods-PapillonWidgets.release.xcconfig"; sourceTree = "<group>"; };
		7FB1CCB68ED14C15AA7FD1EF /* Oxanium-Medium.ttf */ = {isa = PBXFileReference; includeInIndex = 0; lastKnownFileType = file; name = "Oxanium-Medium.ttf"; path = "Fonts/Oxanium-Medium.ttf"; sourceTree = "<group>"; };
		819434D08BCE4160A066FAF8 /* PapillonWidgetStrings.json */ = {isa = PBXFileReference; includeInIndex = 0; lastKnownFileType = text.json; path = PapillonWidgetStrings.json; sourceTree = "<group>"; };
		83A896A63E4C417C86258888 /* SNPro-Regular.ttf */ = {isa = PBXFileReference; includeInIndex = 0; lastKnownFileType = file; name = "SNPro-Regular.ttf"; path = "Fonts/SNPro-Regular.ttf"; sourceTree = "<group>"; };
		87D3FE628126449F8A6CDCF8 /* Oxanium-Regular.ttf */ = {isa = PBXFileReference; includeInIndex = 0; lastKnownFileType = file; name = "Oxanium-Regular.ttf"; path = "Fonts/Oxanium-Regular.ttf"; sourceTree = "<group>"; };
		941DDF2E88A4EE3474FDABB4 /* ExpoModulesProvider.swift */ = {isa = PBXFileReference; includeInIndex = 1; lastKnownFileType = sourcecode.swift; name = ExpoModulesProvider.swift; path = "Pods/Target Support Files/Pods-Papillon/ExpoModulesProvider.swift"; sourceTree = "<group>"; };
		9503AE3FAA359B622591F46D /* libPods-Papillon.a */ = {isa = PBXFileReference; explicitFileType = archive.ar; includeInIndex = 0; path = "libPods-Papillon.a"; sourceTree = BUILT_PRODUCTS_DIR; };
		9C6C2458AA0C4E859FB37EF5 /* IBMPlexSerif-SemiBold.ttf */ = {isa = PBXFileReference; includeInIndex = 0; lastKnownFileType = file; name = "IBMPlexSerif-SemiBold.ttf"; path = "Fonts/IBMPlexSerif-SemiBold.ttf"; sourceTree = "<group>"; };
		A0250FC436AD41F6B802BAAA /* FixelText-Light.otf */ = {isa = PBXFileReference; includeInIndex = 0; lastKnownFileType = file; name = "FixelText-Light.otf"; path = "Fonts/FixelText-Light.otf"; sourceTree = "<group>"; };
		A049845FAE4E4839AAA2E0DB /* SNPro-Light.ttf */ = {isa = PBXFileReference; includeInIndex = 0; lastKnownFileType = file; name = "SNPro-Light.ttf"; path = "Fonts/SNPro-Light.ttf"; sourceTree = "<group>"; };
		AA286B85B6C04FC6940260E9 /* SplashScreen.storyboard */ = {isa = PBXFileReference; fileEncoding = 4; lastKnownFileType = file.storyboard; name = SplashScreen.storyboard; path = Papillon/SplashScreen.storyboard; sourceTree = "<group>"; };
		AA33CE3ED8D110968282F129 /* Pods-PapillonWidgets.debug.xcconfig */ = {isa = PBXFileReference; includeInIndex = 1; lastKnownFileType = text.xcconfig; name = "Pods-PapillonWidgets.debug.xcconfig"; path = "Target Support Files/Pods-PapillonWidgets/Pods-PapillonWidgets.debug.xcconfig"; sourceTree = "<group>"; };
		AFE456D289A04B7688577A7A /* PapillonAppShortcuts.swift */ = {isa = PBXFileReference; explicitFileType = undefined; fileEncoding = 4; includeInIndex = 0; lastKnownFileType = sourcecode.swift; name = PapillonAppShortcuts.swift; path = Papillon/PapillonAppShortcuts.swift; sourceTree = "<group>"; };
		B4B7D0A288F24092AFE56D46 /* IBMPlexSerif-Medium.ttf */ = {isa = PBXFileReference; includeInIndex = 0; lastKnownFileType = file; name = "IBMPlexSerif-Medium.ttf"; path = "Fonts/IBMPlexSerif-Medium.ttf"; sourceTree = "<group>"; };
		BB2F792C24A3F905000567C9 /* Expo.plist */ = {isa = PBXFileReference; fileEncoding = 4; lastKnownFileType = text.plist.xml; path = Expo.plist; sourceTree = "<group>"; };
		CA535099291A4C32834D509D /* FixelText-SemiBold.otf */ = {isa = PBXFileReference; includeInIndex = 0; lastKnownFileType = file; name = "FixelText-SemiBold.otf"; path = "Fonts/FixelText-SemiBold.otf"; sourceTree = "<group>"; };
		E3BD95C0CB8E499E92B99BC9 /* PapillonWidgets.appex */ = {isa = PBXFileReference; explicitFileType = "wrapper.app-extension"; fileEncoding = 506165832377; includeInIndex = 0; path = PapillonWidgets.appex; sourceTree = BUILT_PRODUCTS_DIR; };
		E7DC205EB02AA7C452C24F4A /* PrivacyInfo.xcprivacy */ = {isa = PBXFileReference; includeInIndex = 1; lastKnownFileType = text.xml; name = PrivacyInfo.xcprivacy; path = Papillon/PrivacyInfo.xcprivacy; sourceTree = "<group>"; };
		ED297162215061F000B7C4FE /* JavaScriptCore.framework */ = {isa = PBXFileReference; lastKnownFileType = wrapper.framework; name = JavaScriptCore.framework; path = System/Library/Frameworks/JavaScriptCore.framework; sourceTree = SDKROOT; };
		EE1C0C3F83D74E0DA0688334 /* PapillonWidgets.swift */ = {isa = PBXFileReference; explicitFileType = undefined; fileEncoding = 4; includeInIndex = 0; lastKnownFileType = sourcecode.swift; path = PapillonWidgets.swift; sourceTree = "<group>"; };
		F11748412D0307B40044C1D9 /* AppDelegate.swift */ = {isa = PBXFileReference; lastKnownFileType = sourcecode.swift; name = AppDelegate.swift; path = Papillon/AppDelegate.swift; sourceTree = "<group>"; };
		F11748442D0722820044C1D9 /* Papillon-Bridging-Header.h */ = {isa = PBXFileReference; lastKnownFileType = sourcecode.c.h; name = "Papillon-Bridging-Header.h"; path = "Papillon/Papillon-Bridging-Header.h"; sourceTree = "<group>"; };
		F6030069D9554A30A7243270 /* FixelText-Regular.otf */ = {isa = PBXFileReference; includeInIndex = 0; lastKnownFileType = file; name = "FixelText-Regular.otf"; path = "Fonts/FixelText-Regular.otf"; sourceTree = "<group>"; };
/* End PBXFileReference section */

/* Begin PBXFrameworksBuildPhase section */
		006C0B4AB4C74F6E9CF63FAB /* Frameworks */ = {
			isa = PBXFrameworksBuildPhase;
			buildActionMask = 2147483647;
			files = (
				97BBC63219C7CEF3A92AA4E9 /* libPods-PapillonWidgets.a in Frameworks */,
			);
			runOnlyForDeploymentPostprocessing = 0;
		};
		13B07F8C1A680F5B00A75B9A /* Frameworks */ = {
			isa = PBXFrameworksBuildPhase;
			buildActionMask = 2147483647;
			files = (
				58870D2F67B44B368E18091A /* CoreML.framework in Frameworks */,
				004CDE4D8937E0D0FCA6EF44 /* libPods-Papillon.a in Frameworks */,
			);
			runOnlyForDeploymentPostprocessing = 0;
		};
/* End PBXFrameworksBuildPhase section */

/* Begin PBXGroup section */
		0A75275B5E88E3134AA9EC66 /* Pods */ = {
			isa = PBXGroup;
			children = (
				4959C23D4D72800EAD0AD158 /* Pods-Papillon.debug.xcconfig */,
				45CCA6758B8FACBBB7D740B2 /* Pods-Papillon.release.xcconfig */,
				AA33CE3ED8D110968282F129 /* Pods-PapillonWidgets.debug.xcconfig */,
				7DB5A6480A2820511A4CDCFC /* Pods-PapillonWidgets.release.xcconfig */,
			);
			path = Pods;
			sourceTree = "<group>";
		};
		0D9A09D035988BB9A26FD8D8 /* ExpoModulesProviders */ = {
			isa = PBXGroup;
			children = (
				8271CDA4B585188111BACE95 /* Papillon */,
			);
			name = ExpoModulesProviders;
			sourceTree = "<group>";
		};
		13B07FAE1A68108700A75B9A /* Papillon */ = {
			isa = PBXGroup;
			children = (
				F11748412D0307B40044C1D9 /* AppDelegate.swift */,
				F11748442D0722820044C1D9 /* Papillon-Bridging-Header.h */,
				BB2F792B24A3F905000567C9 /* Supporting */,
				13B07FB51A68108700A75B9A /* Images.xcassets */,
				13B07FB61A68108700A75B9A /* Info.plist */,
				AA286B85B6C04FC6940260E9 /* SplashScreen.storyboard */,
				7C3D8DB224C540509B428002 /* app.icon */,
				AFE456D289A04B7688577A7A /* PapillonAppShortcuts.swift */,
				3ACB1AD1F98E493A817834B1 /* AppShortcuts.xcstrings */,
				E7DC205EB02AA7C452C24F4A /* PrivacyInfo.xcprivacy */,
			);
			name = Papillon;
			sourceTree = "<group>";
		};
		2D16E6871FA4F8E400B85C8A /* Frameworks */ = {
			isa = PBXGroup;
			children = (
				ED297162215061F000B7C4FE /* JavaScriptCore.framework */,
				1844DE76FD144FE7A3FBAFE6 /* CoreML.framework */,
				9503AE3FAA359B622591F46D /* libPods-Papillon.a */,
				7841AEF011874635081ECEAA /* libPods-PapillonWidgets.a */,
			);
			name = Frameworks;
			sourceTree = "<group>";
		};
		8271CDA4B585188111BACE95 /* Papillon */ = {
			isa = PBXGroup;
			children = (
				941DDF2E88A4EE3474FDABB4 /* ExpoModulesProvider.swift */,
			);
			name = Papillon;
			sourceTree = "<group>";
		};
		832341AE1AAA6A7D00B99B32 /* Libraries */ = {
			isa = PBXGroup;
			children = (
			);
			name = Libraries;
			sourceTree = "<group>";
		};
		83CBB9F61A601CBA00E9B192 = {
			isa = PBXGroup;
			children = (
				13B07FAE1A68108700A75B9A /* Papillon */,
				832341AE1AAA6A7D00B99B32 /* Libraries */,
				83CBBA001A601CBA00E9B192 /* Products */,
				2D16E6871FA4F8E400B85C8A /* Frameworks */,
				9D0122BBBCE44B3A84AB4D01 /* PapillonWidgets */,
				0A75275B5E88E3134AA9EC66 /* Pods */,
				0D9A09D035988BB9A26FD8D8 /* ExpoModulesProviders */,
			);
			indentWidth = 2;
			sourceTree = "<group>";
			tabWidth = 2;
			usesTabs = 0;
		};
		83CBBA001A601CBA00E9B192 /* Products */ = {
			isa = PBXGroup;
			children = (
				13B07F961A680F5B00A75B9A /* Papillon.app */,
				E3BD95C0CB8E499E92B99BC9 /* PapillonWidgets.appex */,
			);
			name = Products;
			sourceTree = "<group>";
		};
		9D0122BBBCE44B3A84AB4D01 /* PapillonWidgets */ = {
			isa = PBXGroup;
			children = (
				EE1C0C3F83D74E0DA0688334 /* PapillonWidgets.swift */,
				819434D08BCE4160A066FAF8 /* PapillonWidgetStrings.json */,
				6FECCDDB512C49EB96BF7963 /* Courgette-Regular.ttf */,
				1F9A4D230CC745319A4BC1AC /* FixelText-Bold.otf */,
				A0250FC436AD41F6B802BAAA /* FixelText-Light.otf */,
				6F534F8E47894D7287BFA394 /* FixelText-Medium.otf */,
				F6030069D9554A30A7243270 /* FixelText-Regular.otf */,
				CA535099291A4C32834D509D /* FixelText-SemiBold.otf */,
				2321B026272841D29AACB8F3 /* IBMPlexSerif-Bold.ttf */,
				76529975A31B42F6A90C0CA1 /* IBMPlexSerif-Light.ttf */,
				B4B7D0A288F24092AFE56D46 /* IBMPlexSerif-Medium.ttf */,
				2D9143FED21D4D2DAE16B8EE /* IBMPlexSerif-Regular.ttf */,
				9C6C2458AA0C4E859FB37EF5 /* IBMPlexSerif-SemiBold.ttf */,
				4200F94BD81F42FFBAE6031A /* Oxanium-Bold.ttf */,
				63C9DB0EF87646CFA5C6367C /* Oxanium-Light.ttf */,
				7FB1CCB68ED14C15AA7FD1EF /* Oxanium-Medium.ttf */,
				87D3FE628126449F8A6CDCF8 /* Oxanium-Regular.ttf */,
				37DFCA61D104415297B2817F /* Oxanium-SemiBold.ttf */,
				10CF56D45E074012AA8A9DEB /* SNPro-Black.ttf */,
				25CD052ED277400F84265B24 /* SNPro-Bold.ttf */,
				A049845FAE4E4839AAA2E0DB /* SNPro-Light.ttf */,
				2E8DC1D3C7054477902C648F /* SNPro-Medium.ttf */,
				83A896A63E4C417C86258888 /* SNPro-Regular.ttf */,
				23ECA1B7E05E45B3AA364B59 /* SNPro-Semibold.ttf */,
				57DF8F0BE47E4226A392708A /* Info.plist */,
				7624C8C8AC1F4CB0A0C0DAB8 /* PapillonWidgets.entitlements */,
			);
			path = PapillonWidgets;
			sourceTree = "<group>";
		};
		BB2F792B24A3F905000567C9 /* Supporting */ = {
			isa = PBXGroup;
			children = (
				BB2F792C24A3F905000567C9 /* Expo.plist */,
			);
			name = Supporting;
			path = Papillon/Supporting;
			sourceTree = "<group>";
		};
/* End PBXGroup section */

/* Begin PBXNativeTarget section */
		13B07F861A680F5B00A75B9A /* Papillon */ = {
			isa = PBXNativeTarget;
			buildConfigurationList = 13B07F931A680F5B00A75B9A /* Build configuration list for PBXNativeTarget "Papillon" */;
			buildPhases = (
				08A4A3CD28434E44B6B9DE2E /* [CP] Check Pods Manifest.lock */,
				1C701A0CEC2497A43247530B /* [Expo] Configure project */,
				13B07F871A680F5B00A75B9A /* Sources */,
				13B07F8C1A680F5B00A75B9A /* Frameworks */,
				13B07F8E1A680F5B00A75B9A /* Resources */,
				00DD1BFF1BD5951E006B06BC /* Bundle React Native code and images */,
				800E24972A6A228C8D4807E9 /* [CP] Copy Pods Resources */,
				E54F443DFBF24F03A1EE7A50 /* [Expo Dev Launcher] Strip Local Network Keys for Release */,
				FA945415E23F433DBE2EA656 /* Embed Foundation Extensions */,
				8E413A77966986D4B1782DAD /* [CP] Embed Pods Frameworks */,
			);
			buildRules = (
			);
			dependencies = (
				366EF844564A4D56AA96B1FB /* PBXTargetDependency */,
			);
			name = Papillon;
			productName = Papillon;
			productReference = 13B07F961A680F5B00A75B9A /* Papillon.app */;
			productType = "com.apple.product-type.application";
		};
		31E30E51392B4577B9CFFBB0 /* PapillonWidgets */ = {
			isa = PBXNativeTarget;
			buildConfigurationList = F4C22AC2BC8B41979C7CF4B4 /* Build configuration list for PBXNativeTarget "PapillonWidgets" */;
			buildPhases = (
				B6A690B57B9D33532FEDFB30 /* [CP] Check Pods Manifest.lock */,
				FFCF612ED6104869BDB227B8 /* Sources */,
				46411689FE464213A4CDF359 /* Resources */,
				006C0B4AB4C74F6E9CF63FAB /* Frameworks */,
			);
			buildRules = (
			);
			dependencies = (
			);
			name = PapillonWidgets;
			productName = PapillonWidgets;
			productReference = E3BD95C0CB8E499E92B99BC9 /* PapillonWidgets.appex */;
			productType = "com.apple.product-type.app-extension";
		};
/* End PBXNativeTarget section */

/* Begin PBXProject section */
		83CBB9F71A601CBA00E9B192 /* Project object */ = {
			isa = PBXProject;
			attributes = {
				LastUpgradeCheck = 1130;
				TargetAttributes = {
					13B07F861A680F5B00A75B9A = {
						LastSwiftMigration = 1250;
					};
					31E30E51392B4577B9CFFBB0 = {
						CreatedOnToolsVersion = 27.0;
					};
				};
			};
			buildConfigurationList = 83CBB9FA1A601CBA00E9B192 /* Build configuration list for PBXProject "Papillon" */;
			compatibilityVersion = "Xcode 3.2";
			developmentRegion = en;
			hasScannedForEncodings = 0;
			knownRegions = (
				en,
				Base,
				fr,
			);
			mainGroup = 83CBB9F61A601CBA00E9B192;
			productRefGroup = 83CBBA001A601CBA00E9B192 /* Products */;
			projectDirPath = "";
			projectRoot = "";
			targets = (
				13B07F861A680F5B00A75B9A /* Papillon */,
				31E30E51392B4577B9CFFBB0 /* PapillonWidgets */,
			);
		};
/* End PBXProject section */

/* Begin PBXResourcesBuildPhase section */
		13B07F8E1A680F5B00A75B9A /* Resources */ = {
			isa = PBXResourcesBuildPhase;
			buildActionMask = 2147483647;
			files = (
				BB2F792D24A3F905000567C9 /* Expo.plist in Resources */,
				13B07FBF1A68108700A75B9A /* Images.xcassets in Resources */,
				3E461D99554A48A4959DE609 /* SplashScreen.storyboard in Resources */,
				2ACB074A655B4ECAB82B9CD3 /* app.icon in Resources */,
				515B1F3002A54203BCC18D9A /* AppShortcuts.xcstrings in Resources */,
				419053B80A8256B4A18F43D8 /* PrivacyInfo.xcprivacy in Resources */,
			);
			runOnlyForDeploymentPostprocessing = 0;
		};
		46411689FE464213A4CDF359 /* Resources */ = {
			isa = PBXResourcesBuildPhase;
			buildActionMask = 2147483647;
			files = (
				84D4F67DC5844C4989433935 /* PapillonWidgetStrings.json in Resources */,
				FCE50FFE04E2404DB8AC32DB /* Courgette-Regular.ttf in Resources */,
				4FC3A4B8B1D04370A677100A /* FixelText-Bold.otf in Resources */,
				06F370AFBA094D7DA7E48A93 /* FixelText-Light.otf in Resources */,
				A6AA0279548A463484F478A4 /* FixelText-Medium.otf in Resources */,
				F48049C2E0BB46BFA3DA93C4 /* FixelText-Regular.otf in Resources */,
				67D9258374034CAD8BCD23AB /* FixelText-SemiBold.otf in Resources */,
				D54314F64E47413DBFFDD90B /* IBMPlexSerif-Bold.ttf in Resources */,
				AA2CEEE281FE4710A74F368D /* IBMPlexSerif-Light.ttf in Resources */,
				95DBEEEEACF44CAB9BA1A44E /* IBMPlexSerif-Medium.ttf in Resources */,
				9055E485A66043C6801F8343 /* IBMPlexSerif-Regular.ttf in Resources */,
				72E907BB45F2431DB5003C9E /* IBMPlexSerif-SemiBold.ttf in Resources */,
				2FF2B7E6DF48428182A3D71C /* Oxanium-Bold.ttf in Resources */,
				091B5B8678FD452E9074B989 /* Oxanium-Light.ttf in Resources */,
				277423D0F81148668A1CA4DF /* Oxanium-Medium.ttf in Resources */,
				C1692BB33AA043ED92379179 /* Oxanium-Regular.ttf in Resources */,
				FDF8C28D1C2843ABAA26CB4B /* Oxanium-SemiBold.ttf in Resources */,
				084372D7A3FC480ABACAE018 /* SNPro-Black.ttf in Resources */,
				C71BE23D914541C2A03E00B8 /* SNPro-Bold.ttf in Resources */,
				7FE0145F308A429181C6D24B /* SNPro-Light.ttf in Resources */,
				7EBC98D01E434DFFB309FB3B /* SNPro-Medium.ttf in Resources */,
				462A19819FB94AAF95A08426 /* SNPro-Regular.ttf in Resources */,
				3985085275894F229BA1AE51 /* SNPro-Semibold.ttf in Resources */,
			);
			runOnlyForDeploymentPostprocessing = 0;
		};
/* End PBXResourcesBuildPhase section */

/* Begin PBXShellScriptBuildPhase section */
		00DD1BFF1BD5951E006B06BC /* Bundle React Native code and images */ = {
			isa = PBXShellScriptBuildPhase;
			alwaysOutOfDate = 1;
			buildActionMask = 2147483647;
			files = (
			);
			inputPaths = (
				"$(SRCROOT)/.xcode.env",
				"$(SRCROOT)/.xcode.env.local",
			);
			name = "Bundle React Native code and images";
			outputPaths = (
			);
			runOnlyForDeploymentPostprocessing = 0;
			shellPath = /bin/sh;
			shellScript = "if [[ -f \"$PODS_ROOT/../.xcode.env\" ]]; then\n  source \"$PODS_ROOT/../.xcode.env\"\nfi\nif [[ -f \"$PODS_ROOT/../.xcode.env.local\" ]]; then\n  source \"$PODS_ROOT/../.xcode.env.local\"\nfi\n\n# The project root by default is one level up from the ios directory\nexport PROJECT_ROOT=\"$PROJECT_DIR\"/..\n\nif [[ \"$CONFIGURATION\" = *Debug* ]]; then\n  export SKIP_BUNDLING=1\nfi\nif [[ -z \"$ENTRY_FILE\" ]]; then\n  # Set the entry JS file using the bundler's entry resolution.\n  export ENTRY_FILE=\"$(\"$NODE_BINARY\" -e \"require('expo/scripts/resolveAppEntry')\" \"$PROJECT_ROOT\" ios absolute | tail -n 1)\"\nfi\n\nif [[ -z \"$CLI_PATH\" ]]; then\n  # Use Expo CLI\n  export CLI_PATH=\"$(\"$NODE_BINARY\" --print \"require.resolve('@expo/cli', { paths: [require.resolve('expo/package.json')] })\")\"\nfi\nif [[ -z \"$BUNDLE_COMMAND\" ]]; then\n  # Default Expo CLI command for bundling\n  export BUNDLE_COMMAND=\"export:embed\"\nfi\n\n# Source .xcode.env.updates if it exists to allow\n# SKIP_BUNDLING to be unset if needed\nif [[ -f \"$PODS_ROOT/../.xcode.env.updates\" ]]; then\n  source \"$PODS_ROOT/../.xcode.env.updates\"\nfi\n# Source local changes to allow overrides\n# if needed\nif [[ -f \"$PODS_ROOT/../.xcode.env.local\" ]]; then\n  source \"$PODS_ROOT/../.xcode.env.local\"\nfi\n\n`\"$NODE_BINARY\" --print \"require('path').dirname(require.resolve('react-native/package.json')) + '/scripts/react-native-xcode.sh'\"`\n\n";
		};
		08A4A3CD28434E44B6B9DE2E /* [CP] Check Pods Manifest.lock */ = {
			isa = PBXShellScriptBuildPhase;
			buildActionMask = 2147483647;
			files = (
			);
			inputFileListPaths = (
			);
			inputPaths = (
				"${PODS_PODFILE_DIR_PATH}/Podfile.lock",
				"${PODS_ROOT}/Manifest.lock",
			);
			name = "[CP] Check Pods Manifest.lock";
			outputFileListPaths = (
			);
			outputPaths = (
				"$(DERIVED_FILE_DIR)/Pods-Papillon-checkManifestLockResult.txt",
			);
			runOnlyForDeploymentPostprocessing = 0;
			shellPath = /bin/sh;
			shellScript = "diff \"${PODS_PODFILE_DIR_PATH}/Podfile.lock\" \"${PODS_ROOT}/Manifest.lock\" > /dev/null\nif [ $? != 0 ] ; then\n    # print error to STDERR\n    echo \"error: The sandbox is not in sync with the Podfile.lock. Run 'pod install' or update your CocoaPods installation.\" >&2\n    exit 1\nfi\n# This output is used by Xcode 'outputs' to avoid re-running this script phase.\necho \"SUCCESS\" > \"${SCRIPT_OUTPUT_FILE_0}\"\n";
			showEnvVarsInLog = 0;
		};
		1C701A0CEC2497A43247530B /* [Expo] Configure project */ = {
			isa = PBXShellScriptBuildPhase;
			alwaysOutOfDate = 1;
			buildActionMask = 2147483647;
			files = (
			);
			inputFileListPaths = (
			);
			inputPaths = (
				"$(SRCROOT)/.xcode.env",
				"$(SRCROOT)/.xcode.env.local",
				"$(SRCROOT)/Papillon/Papillon.entitlements",
				"$(SRCROOT)/Pods/Target Support Files/Pods-Papillon/expo-configure-project.sh",
			);
			name = "[Expo] Configure project";
			outputFileListPaths = (
			);
			outputPaths = (
				"$(SRCROOT)/Pods/Target Support Files/Pods-Papillon/ExpoModulesProvider.swift",
			);
			runOnlyForDeploymentPostprocessing = 0;
			shellPath = /bin/sh;
			shellScript = "# This script configures Expo modules and generates the modules provider file.\nbash -l -c \"./Pods/Target\\ Support\\ Files/Pods-Papillon/expo-configure-project.sh\"\n";
		};
		800E24972A6A228C8D4807E9 /* [CP] Copy Pods Resources */ = {
			isa = PBXShellScriptBuildPhase;
			buildActionMask = 2147483647;
			files = (
			);
			inputPaths = (
				"${PODS_ROOT}/Target Support Files/Pods-Papillon/Pods-Papillon-resources.sh",
				"${PODS_CONFIGURATION_BUILD_DIR}/EXApplication/ExpoApplication_privacy.bundle",
				"${PODS_CONFIGURATION_BUILD_DIR}/EXConstants/EXConstants.bundle",
				"${PODS_CONFIGURATION_BUILD_DIR}/EXConstants/ExpoConstants_privacy.bundle",
				"${PODS_CONFIGURATION_BUILD_DIR}/ExpoDevice/ExpoDevice_privacy.bundle",
				"${PODS_CONFIGURATION_BUILD_DIR}/ExpoFileSystem/ExpoFileSystem_privacy.bundle",
				"${PODS_CONFIGURATION_BUILD_DIR}/ExpoLocalization/ExpoLocalization_privacy.bundle",
				"${PODS_CONFIGURATION_BUILD_DIR}/ExpoNotifications/ExpoNotifications_privacy.bundle",
				"${PODS_CONFIGURATION_BUILD_DIR}/ExpoSystemUI/ExpoSystemUI_privacy.bundle",
				"${PODS_CONFIGURATION_BUILD_DIR}/MMKV/MMKV_Privacy.bundle",
				"${PODS_CONFIGURATION_BUILD_DIR}/RNCAsyncStorage/RNCAsyncStorage_resources.bundle",
				"${PODS_CONFIGURATION_BUILD_DIR}/RNDeviceInfo/RNDeviceInfoPrivacyInfo.bundle",
				"${PODS_CONFIGURATION_BUILD_DIR}/RNSVG/RNSVGFilters.bundle",
				"${PODS_CONFIGURATION_BUILD_DIR}/React-Core/React-Core_privacy.bundle",
				"${PODS_CONFIGURATION_BUILD_DIR}/React-cxxreact/React-cxxreact_privacy.bundle",
				"${PODS_CONFIGURATION_BUILD_DIR}/React-timing/React-timing_privacy.bundle",
				"${PODS_CONFIGURATION_BUILD_DIR}/SDWebImage/SDWebImage.bundle",
				"${PODS_CONFIGURATION_BUILD_DIR}/TensorFlowLiteC/TensorFlowLiteC.bundle",
				"${PODS_CONFIGURATION_BUILD_DIR}/TensorFlowLiteC/TensorFlowLiteCCoreML.bundle",
				"${PODS_CONFIGURATION_BUILD_DIR}/expo-dev-launcher/EXDevLauncher.bundle",
				"${PODS_CONFIGURATION_BUILD_DIR}/expo-dev-menu/EXDevMenu.bundle",
				"${PODS_CONFIGURATION_BUILD_DIR}/lottie-ios/LottiePrivacyInfo.bundle",
				"${PODS_CONFIGURATION_BUILD_DIR}/lottie-react-native/Lottie_React_Native_Privacy.bundle",
			);
			name = "[CP] Copy Pods Resources";
			outputPaths = (
				"${TARGET_BUILD_DIR}/${UNLOCALIZED_RESOURCES_FOLDER_PATH}/ExpoApplication_privacy.bundle",
				"${TARGET_BUILD_DIR}/${UNLOCALIZED_RESOURCES_FOLDER_PATH}/EXConstants.bundle",
				"${TARGET_BUILD_DIR}/${UNLOCALIZED_RESOURCES_FOLDER_PATH}/ExpoConstants_privacy.bundle",
				"${TARGET_BUILD_DIR}/${UNLOCALIZED_RESOURCES_FOLDER_PATH}/ExpoDevice_privacy.bundle",
				"${TARGET_BUILD_DIR}/${UNLOCALIZED_RESOURCES_FOLDER_PATH}/ExpoFileSystem_privacy.bundle",
				"${TARGET_BUILD_DIR}/${UNLOCALIZED_RESOURCES_FOLDER_PATH}/ExpoLocalization_privacy.bundle",
				"${TARGET_BUILD_DIR}/${UNLOCALIZED_RESOURCES_FOLDER_PATH}/ExpoNotifications_privacy.bundle",
				"${TARGET_BUILD_DIR}/${UNLOCALIZED_RESOURCES_FOLDER_PATH}/ExpoSystemUI_privacy.bundle",
				"${TARGET_BUILD_DIR}/${UNLOCALIZED_RESOURCES_FOLDER_PATH}/MMKV_Privacy.bundle",
				"${TARGET_BUILD_DIR}/${UNLOCALIZED_RESOURCES_FOLDER_PATH}/RNCAsyncStorage_resources.bundle",
				"${TARGET_BUILD_DIR}/${UNLOCALIZED_RESOURCES_FOLDER_PATH}/RNDeviceInfoPrivacyInfo.bundle",
				"${TARGET_BUILD_DIR}/${UNLOCALIZED_RESOURCES_FOLDER_PATH}/RNSVGFilters.bundle",
				"${TARGET_BUILD_DIR}/${UNLOCALIZED_RESOURCES_FOLDER_PATH}/React-Core_privacy.bundle",
				"${TARGET_BUILD_DIR}/${UNLOCALIZED_RESOURCES_FOLDER_PATH}/React-cxxreact_privacy.bundle",
				"${TARGET_BUILD_DIR}/${UNLOCALIZED_RESOURCES_FOLDER_PATH}/React-timing_privacy.bundle",
				"${TARGET_BUILD_DIR}/${UNLOCALIZED_RESOURCES_FOLDER_PATH}/SDWebImage.bundle",
				"${TARGET_BUILD_DIR}/${UNLOCALIZED_RESOURCES_FOLDER_PATH}/TensorFlowLiteC.bundle",
				"${TARGET_BUILD_DIR}/${UNLOCALIZED_RESOURCES_FOLDER_PATH}/TensorFlowLiteCCoreML.bundle",
				"${TARGET_BUILD_DIR}/${UNLOCALIZED_RESOURCES_FOLDER_PATH}/EXDevLauncher.bundle",
				"${TARGET_BUILD_DIR}/${UNLOCALIZED_RESOURCES_FOLDER_PATH}/EXDevMenu.bundle",
				"${TARGET_BUILD_DIR}/${UNLOCALIZED_RESOURCES_FOLDER_PATH}/LottiePrivacyInfo.bundle",
				"${TARGET_BUILD_DIR}/${UNLOCALIZED_RESOURCES_FOLDER_PATH}/Lottie_React_Native_Privacy.bundle",
			);
			runOnlyForDeploymentPostprocessing = 0;
			shellPath = /bin/sh;
			shellScript = "\"${PODS_ROOT}/Target Support Files/Pods-Papillon/Pods-Papillon-resources.sh\"\n";
			showEnvVarsInLog = 0;
		};
		8E413A77966986D4B1782DAD /* [CP] Embed Pods Frameworks */ = {
			isa = PBXShellScriptBuildPhase;
			buildActionMask = 2147483647;
			files = (
			);
			inputPaths = (
				"${PODS_ROOT}/Target Support Files/Pods-Papillon/Pods-Papillon-frameworks.sh",
				"${PODS_XCFRAMEWORKS_BUILD_DIR}/ExpoCamera/ExpoCamera.framework/ExpoCamera",
				"${PODS_XCFRAMEWORKS_BUILD_DIR}/ExpoCameraBarcodeScanning/ExpoCameraBarcodeScanning.framework/ExpoCameraBarcodeScanning",
				"${PODS_XCFRAMEWORKS_BUILD_DIR}/ExpoCameraBarcodeScanning/ZXingObjC.framework/ZXingObjC",
				"${PODS_XCFRAMEWORKS_BUILD_DIR}/ExpoFileSystem/ExpoFileSystem.framework/ExpoFileSystem",
				"${PODS_XCFRAMEWORKS_BUILD_DIR}/ExpoFont/ExpoFont.framework/ExpoFont",
				"${PODS_XCFRAMEWORKS_BUILD_DIR}/ExpoLocation/ExpoLocation.framework/ExpoLocation",
				"${PODS_XCFRAMEWORKS_BUILD_DIR}/ExpoModulesCore/ExpoModulesCore.framework/ExpoModulesCore",
				"${PODS_XCFRAMEWORKS_BUILD_DIR}/ExpoModulesJSI/ExpoModulesJSI.framework/ExpoModulesJSI",
				"${PODS_XCFRAMEWORKS_BUILD_DIR}/ExpoModulesWorklets/ExpoModulesWorklets.framework/ExpoModulesWorklets",
				"${PODS_XCFRAMEWORKS_BUILD_DIR}/ExpoVideo/ExpoVideo.framework/ExpoVideo",
				"${PODS_XCFRAMEWORKS_BUILD_DIR}/React-Core-prebuilt/React.framework/React",
				"${PODS_XCFRAMEWORKS_BUILD_DIR}/ReactNativeDependencies/ReactNativeDependencies.framework/ReactNativeDependencies",
				"${PODS_XCFRAMEWORKS_BUILD_DIR}/hermes-engine/Pre-built/hermesvm.framework/hermesvm",
			);
			name = "[CP] Embed Pods Frameworks";
			outputPaths = (
				"${TARGET_BUILD_DIR}/${FRAMEWORKS_FOLDER_PATH}/ExpoCamera.framework",
				"${TARGET_BUILD_DIR}/${FRAMEWORKS_FOLDER_PATH}/ExpoCameraBarcodeScanning.framework",
				"${TARGET_BUILD_DIR}/${FRAMEWORKS_FOLDER_PATH}/ZXingObjC.framework",
				"${TARGET_BUILD_DIR}/${FRAMEWORKS_FOLDER_PATH}/ExpoFileSystem.framework",
				"${TARGET_BUILD_DIR}/${FRAMEWORKS_FOLDER_PATH}/ExpoFont.framework",
				"${TARGET_BUILD_DIR}/${FRAMEWORKS_FOLDER_PATH}/ExpoLocation.framework",
				"${TARGET_BUILD_DIR}/${FRAMEWORKS_FOLDER_PATH}/ExpoModulesCore.framework",
				"${TARGET_BUILD_DIR}/${FRAMEWORKS_FOLDER_PATH}/ExpoModulesJSI.framework",
				"${TARGET_BUILD_DIR}/${FRAMEWORKS_FOLDER_PATH}/ExpoModulesWorklets.framework",
				"${TARGET_BUILD_DIR}/${FRAMEWORKS_FOLDER_PATH}/ExpoVideo.framework",
				"${TARGET_BUILD_DIR}/${FRAMEWORKS_FOLDER_PATH}/React.framework",
				"${TARGET_BUILD_DIR}/${FRAMEWORKS_FOLDER_PATH}/ReactNativeDependencies.framework",
				"${TARGET_BUILD_DIR}/${FRAMEWORKS_FOLDER_PATH}/hermesvm.framework",
			);
			runOnlyForDeploymentPostprocessing = 0;
			shellPath = /bin/sh;
			shellScript = "\"${PODS_ROOT}/Target Support Files/Pods-Papillon/Pods-Papillon-frameworks.sh\"\n";
			showEnvVarsInLog = 0;
		};
		B6A690B57B9D33532FEDFB30 /* [CP] Check Pods Manifest.lock */ = {
			isa = PBXShellScriptBuildPhase;
			buildActionMask = 2147483647;
			files = (
			);
			inputFileListPaths = (
			);
			inputPaths = (
				"${PODS_PODFILE_DIR_PATH}/Podfile.lock",
				"${PODS_ROOT}/Manifest.lock",
			);
			name = "[CP] Check Pods Manifest.lock";
			outputFileListPaths = (
			);
			outputPaths = (
				"$(DERIVED_FILE_DIR)/Pods-PapillonWidgets-checkManifestLockResult.txt",
			);
			runOnlyForDeploymentPostprocessing = 0;
			shellPath = /bin/sh;
			shellScript = "diff \"${PODS_PODFILE_DIR_PATH}/Podfile.lock\" \"${PODS_ROOT}/Manifest.lock\" > /dev/null\nif [ $? != 0 ] ; then\n    # print error to STDERR\n    echo \"error: The sandbox is not in sync with the Podfile.lock. Run 'pod install' or update your CocoaPods installation.\" >&2\n    exit 1\nfi\n# This output is used by Xcode 'outputs' to avoid re-running this script phase.\necho \"SUCCESS\" > \"${SCRIPT_OUTPUT_FILE_0}\"\n";
			showEnvVarsInLog = 0;
		};
		E54F443DFBF24F03A1EE7A50 /* [Expo Dev Launcher] Strip Local Network Keys for Release */ = {
			isa = PBXShellScriptBuildPhase;
			buildActionMask = 2147483647;
			files = (
			);
			inputPaths = (
			);
			name = "[Expo Dev Launcher] Strip Local Network Keys for Release";
			outputPaths = (
			);
			runOnlyForDeploymentPostprocessing = 0;
			shellPath = /bin/sh;
			shellScript = "# Strip dev-launcher-specific local network permission keys from non-Debug builds\n# This only removes _expo._tcp Bonjour services and the dev-launcher usage description.\n# Other Bonjour services and custom descriptions are preserved for production use.\n\nif [ \"$CONFIGURATION\" != \"Debug\" ]; then\n  PLIST_PATH=\"${TARGET_BUILD_DIR}/${INFOPLIST_PATH}\"\n  if [ -f \"$PLIST_PATH\" ]; then\n    # Check if NSBonjourServices exists\n    if /usr/libexec/PlistBuddy -c \"Print :NSBonjourServices\" \"$PLIST_PATH\" >/dev/null 2>&1; then\n      # Get the count of services\n      COUNT=$(/usr/libexec/PlistBuddy -c \"Print :NSBonjourServices\" \"$PLIST_PATH\" 2>/dev/null | grep \"^    \" | wc -l | tr -d ' ')\n\n      # Remove _expo._tcp\n      for ((i=COUNT-1; i>=0; i--)); do\n        SERVICE=$(/usr/libexec/PlistBuddy -c \"Print :NSBonjourServices:$i\" \"$PLIST_PATH\" 2>/dev/null || echo \"\")\n        if echo \"$SERVICE\" | grep -q \"_expo._tcp\"; then\n          /usr/libexec/PlistBuddy -c \"Delete :NSBonjourServices:$i\" \"$PLIST_PATH\" 2>/dev/null || true\n        fi\n      done\n\n      # If the array is now empty, remove it entirely\n      REMAINING=$(/usr/libexec/PlistBuddy -c \"Print :NSBonjourServices\" \"$PLIST_PATH\" 2>/dev/null | grep \"^    \" | wc -l | tr -d ' ')\n      if [ \"$REMAINING\" -eq \"0\" ]; then\n        /usr/libexec/PlistBuddy -c \"Delete :NSBonjourServices\" \"$PLIST_PATH\" 2>/dev/null || true\n      fi\n    fi\n\n    # Only delete the description if it matches the dev-launcher default text\n    DESC=$(/usr/libexec/PlistBuddy -c \"Print :NSLocalNetworkUsageDescription\" \"$PLIST_PATH\" 2>/dev/null || echo \"\")\n    if echo \"$DESC\" | grep -q \"Expo Dev Launcher\"; then\n      /usr/libexec/PlistBuddy -c \"Delete :NSLocalNetworkUsageDescription\" \"$PLIST_PATH\" 2>/dev/null || true\n    fi\n  fi\nfi\n";
		};
/* End PBXShellScriptBuildPhase section */

/* Begin PBXSourcesBuildPhase section */
		13B07F871A680F5B00A75B9A /* Sources */ = {
			isa = PBXSourcesBuildPhase;
			buildActionMask = 2147483647;
			files = (
				F11748422D0307B40044C1D9 /* AppDelegate.swift in Sources */,
				7CF30F80E45349F79219AF54 /* PapillonAppShortcuts.swift in Sources */,
				97FDA3EC3103E82EC6DE1113 /* ExpoModulesProvider.swift in Sources */,
			);
			runOnlyForDeploymentPostprocessing = 0;
		};
		FFCF612ED6104869BDB227B8 /* Sources */ = {
			isa = PBXSourcesBuildPhase;
			buildActionMask = 2147483647;
			files = (
				E61F6518A7D74751BC0D3B6C /* PapillonWidgets.swift in Sources */,
			);
			runOnlyForDeploymentPostprocessing = 0;
		};
/* End PBXSourcesBuildPhase section */

/* Begin PBXTargetDependency section */
		366EF844564A4D56AA96B1FB /* PBXTargetDependency */ = {
			isa = PBXTargetDependency;
			target = 31E30E51392B4577B9CFFBB0 /* PapillonWidgets */;
			targetProxy = 344843E1B7914B1B98BAAEE9 /* PBXContainerItemProxy */;
		};
/* End PBXTargetDependency section */

/* Begin XCBuildConfiguration section */
		08D27666552442CFAAF0A5BA /* Debug */ = {
			isa = XCBuildConfiguration;
			baseConfigurationReference = AA33CE3ED8D110968282F129 /* Pods-PapillonWidgets.debug.xcconfig */;
			buildSettings = {
				APPLICATION_EXTENSION_API_ONLY = YES;
				CODE_SIGN_ENTITLEMENTS = PapillonWidgets/PapillonWidgets.entitlements;
				CODE_SIGN_STYLE = Automatic;
				CURRENT_PROJECT_VERSION = 1;
				DEVELOPMENT_TEAM = 7RXNP6V83P;
				GENERATE_INFOPLIST_FILE = YES;
				INFOPLIST_FILE = PapillonWidgets/Info.plist;
				INFOPLIST_KEY_CFBundleDisplayName = Papillon;
				INFOPLIST_KEY_NSHumanReadableCopyright = "";
				IPHONEOS_DEPLOYMENT_TARGET = 27.0;
				LD_RUNPATH_SEARCH_PATHS = (
					"$(inherited)",
					"@executable_path/Frameworks",
					"@executable_path/../../Frameworks",
				);
				MARKETING_VERSION = 8.5.5;
				OTHER_SWIFT_FLAGS = "$(inherited) -D EXPO_CONFIGURATION_DEBUG";
				PRODUCT_BUNDLE_IDENTIFIER = xyz.getpapillon.ios.widgets;
				PRODUCT_NAME = "$(TARGET_NAME)";
				SKIP_INSTALL = YES;
				SWIFT_EMIT_LOC_STRINGS = YES;
				SWIFT_VERSION = 6.0;
				TARGETED_DEVICE_FAMILY = "1,2";
			};
			name = Debug;
		};
		0EBBDE9BCF404DC69FEAC584 /* Release */ = {
			isa = XCBuildConfiguration;
			baseConfigurationReference = 7DB5A6480A2820511A4CDCFC /* Pods-PapillonWidgets.release.xcconfig */;
			buildSettings = {
				APPLICATION_EXTENSION_API_ONLY = YES;
				CODE_SIGN_ENTITLEMENTS = PapillonWidgets/PapillonWidgets.entitlements;
				CODE_SIGN_STYLE = Automatic;
				CURRENT_PROJECT_VERSION = 1;
				DEVELOPMENT_TEAM = 7RXNP6V83P;
				GENERATE_INFOPLIST_FILE = YES;
				INFOPLIST_FILE = PapillonWidgets/Info.plist;
				INFOPLIST_KEY_CFBundleDisplayName = Papillon;
				INFOPLIST_KEY_NSHumanReadableCopyright = "";
				IPHONEOS_DEPLOYMENT_TARGET = 27.0;
				LD_RUNPATH_SEARCH_PATHS = (
					"$(inherited)",
					"@executable_path/Frameworks",
					"@executable_path/../../Frameworks",
				);
				MARKETING_VERSION = 8.5.5;
				OTHER_SWIFT_FLAGS = "$(inherited) -D EXPO_CONFIGURATION_RELEASE";
				PRODUCT_BUNDLE_IDENTIFIER = xyz.getpapillon.ios.widgets;
				PRODUCT_NAME = "$(TARGET_NAME)";
				SKIP_INSTALL = YES;
				SWIFT_EMIT_LOC_STRINGS = YES;
				SWIFT_VERSION = 6.0;
				TARGETED_DEVICE_FAMILY = "1,2";
			};
			name = Release;
		};
		13B07F941A680F5B00A75B9A /* Debug */ = {
			isa = XCBuildConfiguration;
			baseConfigurationReference = 4959C23D4D72800EAD0AD158 /* Pods-Papillon.debug.xcconfig */;
			buildSettings = {
				ASSETCATALOG_COMPILER_APPICON_NAME = app;
				CLANG_ENABLE_MODULES = YES;
				CODE_SIGN_ENTITLEMENTS = Papillon/Papillon.entitlements;
				CURRENT_PROJECT_VERSION = 1;
				DEVELOPMENT_TEAM = 7RXNP6V83P;
				ENABLE_BITCODE = NO;
				GCC_PREPROCESSOR_DEFINITIONS = (
					"$(inherited)",
					"FB_SONARKIT_ENABLED=1",
				);
				INFOPLIST_FILE = Papillon/Info.plist;
				IPHONEOS_DEPLOYMENT_TARGET = 27.0;
				LD_RUNPATH_SEARCH_PATHS = (
					"$(inherited)",
					"@executable_path/Frameworks",
				);
				MACOSX_DEPLOYMENT_TARGET = 13.4;
				MARKETING_VERSION = 1.0;
				OTHER_LDFLAGS = (
					"$(inherited)",
					"-ObjC",
					"-lc++",
				);
				OTHER_SWIFT_FLAGS = "$(inherited) -D EXPO_CONFIGURATION_DEBUG";
				PRODUCT_BUNDLE_IDENTIFIER = xyz.getpapillon.ios;
				PRODUCT_NAME = Papillon;
				SWIFT_OBJC_BRIDGING_HEADER = "Papillon/Papillon-Bridging-Header.h";
				SWIFT_OPTIMIZATION_LEVEL = "-Onone";
				SWIFT_VERSION = 5.0;
				TARGETED_DEVICE_FAMILY = "1,2";
				VERSIONING_SYSTEM = "apple-generic";
			};
			name = Debug;
		};
		13B07F951A680F5B00A75B9A /* Release */ = {
			isa = XCBuildConfiguration;
			baseConfigurationReference = 45CCA6758B8FACBBB7D740B2 /* Pods-Papillon.release.xcconfig */;
			buildSettings = {
				ASSETCATALOG_COMPILER_APPICON_NAME = app;
				CLANG_ENABLE_MODULES = YES;
				CODE_SIGN_ENTITLEMENTS = Papillon/Papillon.entitlements;
				CURRENT_PROJECT_VERSION = 1;
				DEVELOPMENT_TEAM = 7RXNP6V83P;
				INFOPLIST_FILE = Papillon/Info.plist;
				IPHONEOS_DEPLOYMENT_TARGET = 27.0;
				LD_RUNPATH_SEARCH_PATHS = (
					"$(inherited)",
					"@executable_path/Frameworks",
				);
				MACOSX_DEPLOYMENT_TARGET = 13.4;
				MARKETING_VERSION = 1.0;
				OTHER_LDFLAGS = (
					"$(inherited)",
					"-ObjC",
					"-lc++",
				);
				OTHER_SWIFT_FLAGS = "$(inherited) -D EXPO_CONFIGURATION_RELEASE";
				PRODUCT_BUNDLE_IDENTIFIER = xyz.getpapillon.ios;
				PRODUCT_NAME = Papillon;
				SWIFT_OBJC_BRIDGING_HEADER = "Papillon/Papillon-Bridging-Header.h";
				SWIFT_VERSION = 5.0;
				TARGETED_DEVICE_FAMILY = "1,2";
				VERSIONING_SYSTEM = "apple-generic";
			};
			name = Release;
		};
		83CBBA201A601CBA00E9B192 /* Debug */ = {
			isa = XCBuildConfiguration;
			buildSettings = {
				ALWAYS_SEARCH_USER_PATHS = NO;
				CLANG_ANALYZER_LOCALIZABILITY_NONLOCALIZED = YES;
				CLANG_CXX_LANGUAGE_STANDARD = "c++20";
				CLANG_CXX_LIBRARY = "libc++";
				CLANG_ENABLE_MODULES = YES;
				CLANG_ENABLE_OBJC_ARC = YES;
				CLANG_WARN_BLOCK_CAPTURE_AUTORELEASING = YES;
				CLANG_WARN_BOOL_CONVERSION = YES;
				CLANG_WARN_COMMA = YES;
				CLANG_WARN_CONSTANT_CONVERSION = YES;
				CLANG_WARN_DEPRECATED_OBJC_IMPLEMENTATIONS = YES;
				CLANG_WARN_DIRECT_OBJC_ISA_USAGE = YES_ERROR;
				CLANG_WARN_EMPTY_BODY = YES;
				CLANG_WARN_ENUM_CONVERSION = YES;
				CLANG_WARN_INFINITE_RECURSION = YES;
				CLANG_WARN_INT_CONVERSION = YES;
				CLANG_WARN_NON_LITERAL_NULL_CONVERSION = YES;
				CLANG_WARN_OBJC_IMPLICIT_RETAIN_SELF = YES;
				CLANG_WARN_OBJC_LITERAL_CONVERSION = YES;
				CLANG_WARN_OBJC_ROOT_CLASS = YES_ERROR;
				CLANG_WARN_RANGE_LOOP_ANALYSIS = YES;
				CLANG_WARN_STRICT_PROTOTYPES = YES;
				CLANG_WARN_SUSPICIOUS_MOVE = YES;
				CLANG_WARN_UNREACHABLE_CODE = YES;
				CLANG_WARN__DUPLICATE_METHOD_MATCH = YES;
				"CODE_SIGN_IDENTITY[sdk=iphoneos*]" = "iPhone Developer";
				COPY_PHASE_STRIP = NO;
				ENABLE_STRICT_OBJC_MSGSEND = YES;
				ENABLE_TESTABILITY = YES;
				GCC_C_LANGUAGE_STANDARD = gnu99;
				GCC_DYNAMIC_NO_PIC = NO;
				GCC_NO_COMMON_BLOCKS = YES;
				GCC_OPTIMIZATION_LEVEL = 0;
				GCC_PREPROCESSOR_DEFINITIONS = (
					"DEBUG=1",
					"$(inherited)",
				);
				GCC_SYMBOLS_PRIVATE_EXTERN = NO;
				GCC_WARN_64_TO_32_BIT_CONVERSION = YES;
				GCC_WARN_ABOUT_RETURN_TYPE = YES_ERROR;
				GCC_WARN_UNDECLARED_SELECTOR = YES;
				GCC_WARN_UNINITIALIZED_AUTOS = YES_AGGRESSIVE;
				GCC_WARN_UNUSED_FUNCTION = YES;
				GCC_WARN_UNUSED_VARIABLE = YES;
				IPHONEOS_DEPLOYMENT_TARGET = 16.4;
				LD_RUNPATH_SEARCH_PATHS = (
					/usr/lib/swift,
					"$(inherited)",
				);
				LIBRARY_SEARCH_PATHS = "$(SDKROOT)/usr/lib/swift\"$(inherited)\"";
				MTL_ENABLE_DEBUG_INFO = YES;
				ONLY_ACTIVE_ARCH = YES;
				OTHER_CFLAGS = (
					"$(inherited)",
					"-DRCT_REMOVE_LEGACY_ARCH=1",
				);
				OTHER_CPLUSPLUSFLAGS = (
					"$(inherited)",
					"-DRCT_REMOVE_LEGACY_ARCH=1",
				);
				PODFILE_DIR = "$(SRCROOT)";
				REACT_NATIVE_PATH = "${PODS_ROOT}/../../node_modules/react-native";
				SDKROOT = iphoneos;
				SWIFT_ACTIVE_COMPILATION_CONDITIONS = "$(inherited) DEBUG";
				SWIFT_ENABLE_EXPLICIT_MODULES = NO;
				USE_HERMES = true;
			};
			name = Debug;
		};
		83CBBA211A601CBA00E9B192 /* Release */ = {
			isa = XCBuildConfiguration;
			buildSettings = {
				ALWAYS_SEARCH_USER_PATHS = NO;
				CLANG_ANALYZER_LOCALIZABILITY_NONLOCALIZED = YES;
				CLANG_CXX_LANGUAGE_STANDARD = "c++20";
				CLANG_CXX_LIBRARY = "libc++";
				CLANG_ENABLE_MODULES = YES;
				CLANG_ENABLE_OBJC_ARC = YES;
				CLANG_WARN_BLOCK_CAPTURE_AUTORELEASING = YES;
				CLANG_WARN_BOOL_CONVERSION = YES;
				CLANG_WARN_COMMA = YES;
				CLANG_WARN_CONSTANT_CONVERSION = YES;
				CLANG_WARN_DEPRECATED_OBJC_IMPLEMENTATIONS = YES;
				CLANG_WARN_DIRECT_OBJC_ISA_USAGE = YES_ERROR;
				CLANG_WARN_EMPTY_BODY = YES;
				CLANG_WARN_ENUM_CONVERSION = YES;
				CLANG_WARN_INFINITE_RECURSION = YES;
				CLANG_WARN_INT_CONVERSION = YES;
				CLANG_WARN_NON_LITERAL_NULL_CONVERSION = YES;
				CLANG_WARN_OBJC_IMPLICIT_RETAIN_SELF = YES;
				CLANG_WARN_OBJC_LITERAL_CONVERSION = YES;
				CLANG_WARN_OBJC_ROOT_CLASS = YES_ERROR;
				CLANG_WARN_RANGE_LOOP_ANALYSIS = YES;
				CLANG_WARN_STRICT_PROTOTYPES = YES;
				CLANG_WARN_SUSPICIOUS_MOVE = YES;
				CLANG_WARN_UNREACHABLE_CODE = YES;
				CLANG_WARN__DUPLICATE_METHOD_MATCH = YES;
				"CODE_SIGN_IDENTITY[sdk=iphoneos*]" = "iPhone Developer";
				COPY_PHASE_STRIP = YES;
				ENABLE_NS_ASSERTIONS = NO;
				ENABLE_STRICT_OBJC_MSGSEND = YES;
				GCC_C_LANGUAGE_STANDARD = gnu99;
				GCC_NO_COMMON_BLOCKS = YES;
				GCC_WARN_64_TO_32_BIT_CONVERSION = YES;
				GCC_WARN_ABOUT_RETURN_TYPE = YES_ERROR;
				GCC_WARN_UNDECLARED_SELECTOR = YES;
				GCC_WARN_UNINITIALIZED_AUTOS = YES_AGGRESSIVE;
				GCC_WARN_UNUSED_FUNCTION = YES;
				GCC_WARN_UNUSED_VARIABLE = YES;
				IPHONEOS_DEPLOYMENT_TARGET = 16.4;
				LD_RUNPATH_SEARCH_PATHS = (
					/usr/lib/swift,
					"$(inherited)",
				);
				LIBRARY_SEARCH_PATHS = "$(SDKROOT)/usr/lib/swift\"$(inherited)\"";
				MTL_ENABLE_DEBUG_INFO = NO;
				OTHER_CFLAGS = (
					"$(inherited)",
					"-DRCT_REMOVE_LEGACY_ARCH=1",
				);
				OTHER_CPLUSPLUSFLAGS = (
					"$(inherited)",
					"-DRCT_REMOVE_LEGACY_ARCH=1",
				);
				PODFILE_DIR = "$(SRCROOT)";
				REACT_NATIVE_PATH = "${PODS_ROOT}/../../node_modules/react-native";
				SDKROOT = iphoneos;
				SWIFT_ENABLE_EXPLICIT_MODULES = NO;
				USE_HERMES = true;
				VALIDATE_PRODUCT = YES;
			};
			name = Release;
		};
/* End XCBuildConfiguration section */

/* Begin XCConfigurationList section */
		13B07F931A680F5B00A75B9A /* Build configuration list for PBXNativeTarget "Papillon" */ = {
			isa = XCConfigurationList;
			buildConfigurations = (
				13B07F941A680F5B00A75B9A /* Debug */,
				13B07F951A680F5B00A75B9A /* Release */,
			);
			defaultConfigurationIsVisible = 0;
			defaultConfigurationName = Release;
		};
		83CBB9FA1A601CBA00E9B192 /* Build configuration list for PBXProject "Papillon" */ = {
			isa = XCConfigurationList;
			buildConfigurations = (
				83CBBA201A601CBA00E9B192 /* Debug */,
				83CBBA211A601CBA00E9B192 /* Release */,
			);
			defaultConfigurationIsVisible = 0;
			defaultConfigurationName = Release;
		};
		F4C22AC2BC8B41979C7CF4B4 /* Build configuration list for PBXNativeTarget "PapillonWidgets" */ = {
			isa = XCConfigurationList;
			buildConfigurations = (
				08D27666552442CFAAF0A5BA /* Debug */,
				0EBBDE9BCF404DC69FEAC584 /* Release */,
			);
			defaultConfigurationIsVisible = 0;
			defaultConfigurationName = Release;
		};
/* End XCConfigurationList section */
	};
	rootObject = 83CBB9F71A601CBA00E9B192 /* Project object */;
}
