// !$*UTF8*$!
{
	archiveVersion = 1;
	classes = {
	};
	objectVersion = 54;
	objects = {

/* Begin PBXBuildFile section */
		04A8990B334049179A0AFF69 /* PapillonWidgets.swift in Sources */ = {isa = PBXBuildFile; fileRef = AB51B02F4EB6420784AAC534 /* PapillonWidgets.swift */; };
		097259421F2F48E6960697D7 /* IBMPlexSerif-Light.ttf in Resources */ = {isa = PBXBuildFile; fileRef = 58EDFE507BC044B7AEB18269 /* IBMPlexSerif-Light.ttf */; };
		13B07FBF1A68108700A75B9A /* Images.xcassets in Resources */ = {isa = PBXBuildFile; fileRef = 13B07FB51A68108700A75B9A /* Images.xcassets */; };
		16B4DF78A342700505DEA6D5 /* ExpoModulesProvider.swift in Sources */ = {isa = PBXBuildFile; fileRef = CFB0FB0A2ED9A36C55163D8C /* ExpoModulesProvider.swift */; };
		2103166B224143C8B8335AA5 /* app.icon in Resources */ = {isa = PBXBuildFile; fileRef = B35A1A77E1614E98BA91C857 /* app.icon */; };
		24C97C8C8E44109D966F2F47 /* libPods-PapillonWidgets.a in Frameworks */ = {isa = PBXBuildFile; fileRef = 1A4DB4CBBF77221AE072DDE2 /* libPods-PapillonWidgets.a */; };
		2D8BB73A921E4E7183FE7554 /* Courgette-Regular.ttf in Resources */ = {isa = PBXBuildFile; fileRef = A2F41DDF5DA54424A8B89E7A /* Courgette-Regular.ttf */; };
		3E461D99554A48A4959DE609 /* SplashScreen.storyboard in Resources */ = {isa = PBXBuildFile; fileRef = AA286B85B6C04FC6940260E9 /* SplashScreen.storyboard */; };
		42E4BA383A2B48828EA80D29 /* Oxanium-SemiBold.ttf in Resources */ = {isa = PBXBuildFile; fileRef = CF950A33798140488B7658DE /* Oxanium-SemiBold.ttf */; };
		51688343F4C24B5465414DC1 /* PrivacyInfo.xcprivacy in Resources */ = {isa = PBXBuildFile; fileRef = B5C21238C4C7B23D8B8C5180 /* PrivacyInfo.xcprivacy */; };
		5ADDF9AF178E4085B3D76771 /* IBMPlexSerif-SemiBold.ttf in Resources */ = {isa = PBXBuildFile; fileRef = 51D74F3D9B334D24958CAB75 /* IBMPlexSerif-SemiBold.ttf */; };
		5E157C4870D543FA9FEC6299 /* FixelText-SemiBold.otf in Resources */ = {isa = PBXBuildFile; fileRef = 3917A1E9A4934CD7A1C5A4E4 /* FixelText-SemiBold.otf */; };
		5E84A3C115814872B6B9FE17 /* PapillonWidgetStrings.json in Resources */ = {isa = PBXBuildFile; fileRef = 35E002D09EB948D6978C5266 /* PapillonWidgetStrings.json */; };
		6044E08BD2241A25F10AA425 /* libPods-Papillon.a in Frameworks */ = {isa = PBXBuildFile; fileRef = 3F8FA695815DCB8333777818 /* libPods-Papillon.a */; };
		619B043C1EDA4AF2AEA53EB8 /* Oxanium-Light.ttf in Resources */ = {isa = PBXBuildFile; fileRef = 09E5B7389FF4460DB25B6B44 /* Oxanium-Light.ttf */; };
		64CE79265B1F42F880312BD5 /* IBMPlexSerif-Regular.ttf in Resources */ = {isa = PBXBuildFile; fileRef = C35F335942D54B29B7673473 /* IBMPlexSerif-Regular.ttf */; };
		67782560AC0C4767892D166F /* SNPro-Bold.ttf in Resources */ = {isa = PBXBuildFile; fileRef = B9C5B0D3CCD148988DBE5029 /* SNPro-Bold.ttf */; };
		730446F16A5148CB956E527D /* FixelText-Medium.otf in Resources */ = {isa = PBXBuildFile; fileRef = 363A17AFBC9F4B4695D6C16D /* FixelText-Medium.otf */; };
		7CB4BC4CF41E43D28E743578 /* SNPro-Regular.ttf in Resources */ = {isa = PBXBuildFile; fileRef = CC6AAEE611814226A3D547F9 /* SNPro-Regular.ttf */; };
		7F79227FFB7F4B8088743EC0 /* SNPro-Light.ttf in Resources */ = {isa = PBXBuildFile; fileRef = 9E57C0D541564BE392A877C8 /* SNPro-Light.ttf */; };
		90F1E59097694FF79D1D03C2 /* PapillonWidgets.appex in Embed Foundation Extensions */ = {isa = PBXBuildFile; fileRef = 625C42CE1C724E38830C26EF /* PapillonWidgets.appex */; };
		A12C2AB60B41423085E36246 /* AppShortcuts.xcstrings in Resources */ = {isa = PBXBuildFile; fileRef = C617C965CAE74FBB869C9693 /* AppShortcuts.xcstrings */; };
		A8F03999C36A4EA78DE54B69 /* SNPro-Black.ttf in Resources */ = {isa = PBXBuildFile; fileRef = C6174DD74200463792624030 /* SNPro-Black.ttf */; };
		AFCA47EECF194451B91CC779 /* SNPro-Medium.ttf in Resources */ = {isa = PBXBuildFile; fileRef = 3BFDEAEEBB7948C0A3DBA8F8 /* SNPro-Medium.ttf */; };
		B033A1327A064FEC893C70BB /* PapillonAppShortcuts.swift in Sources */ = {isa = PBXBuildFile; fileRef = F3F3E87DE8A3463DA67F408A /* PapillonAppShortcuts.swift */; };
		B05FAB30C2684153808EE354 /* SNPro-Semibold.ttf in Resources */ = {isa = PBXBuildFile; fileRef = F9B82A5AF38B413A80AD9CAE /* SNPro-Semibold.ttf */; };
		B22923D5DBFC4066AB4C9906 /* FixelText-Light.otf in Resources */ = {isa = PBXBuildFile; fileRef = 2EB7816425AB45808F22F8D9 /* FixelText-Light.otf */; };
		B60984898BC94D6D9AFCED7B /* IBMPlexSerif-Medium.ttf in Resources */ = {isa = PBXBuildFile; fileRef = 9294A4C85FFD45458B703BF1 /* IBMPlexSerif-Medium.ttf */; };
		BA43217E682A455098F9F42E /* FixelText-Bold.otf in Resources */ = {isa = PBXBuildFile; fileRef = 71E9689549D546A18D1371C4 /* FixelText-Bold.otf */; };
		BB2F792D24A3F905000567C9 /* Expo.plist in Resources */ = {isa = PBXBuildFile; fileRef = BB2F792C24A3F905000567C9 /* Expo.plist */; };
		C7C9A69619D64E7993EBC28D /* Oxanium-Regular.ttf in Resources */ = {isa = PBXBuildFile; fileRef = 85ED0B093C374DFB87EC2668 /* Oxanium-Regular.ttf */; };
		D0051C42DD7640A793E05FAC /* Oxanium-Bold.ttf in Resources */ = {isa = PBXBuildFile; fileRef = D98E5520F32B4D4BAEED1390 /* Oxanium-Bold.ttf */; };
		DCB29C8EC7D04FA6B579206E /* Oxanium-Medium.ttf in Resources */ = {isa = PBXBuildFile; fileRef = B353C6DFA8C346A695A527EC /* Oxanium-Medium.ttf */; };
		E40079933E4E4C749EB2C88A /* IBMPlexSerif-Bold.ttf in Resources */ = {isa = PBXBuildFile; fileRef = 767E9DDC77224E33B0FCAA63 /* IBMPlexSerif-Bold.ttf */; };
		EECB8CA580314E71B58FA757 /* FixelText-Regular.otf in Resources */ = {isa = PBXBuildFile; fileRef = DCBB5DB969974CD2992F0EB6 /* FixelText-Regular.otf */; };
		F11748422D0307B40044C1D9 /* AppDelegate.swift in Sources */ = {isa = PBXBuildFile; fileRef = F11748412D0307B40044C1D9 /* AppDelegate.swift */; };
		F11748442D0307B40044C1D9 /* SceneDelegate.swift in Sources */ = {isa = PBXBuildFile; fileRef = F11748432D0307B40044C1D9 /* SceneDelegate.swift */; };
/* End PBXBuildFile section */

/* Begin PBXContainerItemProxy section */
		E504E86EE85B4CC09BBC0A94 /* PBXContainerItemProxy */ = {
			isa = PBXContainerItemProxy;
			containerPortal = 83CBB9F71A601CBA00E9B192 /* Project object */;
			proxyType = 1;
			remoteGlobalIDString = 379E4846BB2E4A44903D6EA9;
			remoteInfo = PapillonWidgets;
		};
/* End PBXContainerItemProxy section */

/* Begin PBXCopyFilesBuildPhase section */
		04CECBFFF9354D2AA55AA872 /* Embed Foundation Extensions */ = {
			isa = PBXCopyFilesBuildPhase;
			buildActionMask = 2147483647;
			dstPath = "";
			dstSubfolderSpec = 13;
			files = (
				90F1E59097694FF79D1D03C2 /* PapillonWidgets.appex in Embed Foundation Extensions */,
			);
			name = "Embed Foundation Extensions";
			runOnlyForDeploymentPostprocessing = 0;
		};
/* End PBXCopyFilesBuildPhase section */

/* Begin PBXFileReference section */
		09E5B7389FF4460DB25B6B44 /* Oxanium-Light.ttf */ = {isa = PBXFileReference; includeInIndex = 0; lastKnownFileType = file; name = "Oxanium-Light.ttf"; path = "Fonts/Oxanium-Light.ttf"; sourceTree = "<group>"; };
		0F5A4F177E6B159C6C05BE29 /* Pods-Papillon.debug.xcconfig */ = {isa = PBXFileReference; includeInIndex = 1; lastKnownFileType = text.xcconfig; name = "Pods-Papillon.debug.xcconfig"; path = "Target Support Files/Pods-Papillon/Pods-Papillon.debug.xcconfig"; sourceTree = "<group>"; };
		13B07F961A680F5B00A75B9A /* Papillon.app */ = {isa = PBXFileReference; explicitFileType = wrapper.application; includeInIndex = 0; path = Papillon.app; sourceTree = BUILT_PRODUCTS_DIR; };
		13B07FB51A68108700A75B9A /* Images.xcassets */ = {isa = PBXFileReference; lastKnownFileType = folder.assetcatalog; name = Images.xcassets; path = Papillon/Images.xcassets; sourceTree = "<group>"; };
		13B07FB61A68108700A75B9A /* Info.plist */ = {isa = PBXFileReference; fileEncoding = 4; lastKnownFileType = text.plist.xml; name = Info.plist; path = Papillon/Info.plist; sourceTree = "<group>"; };
		1A4DB4CBBF77221AE072DDE2 /* libPods-PapillonWidgets.a */ = {isa = PBXFileReference; explicitFileType = archive.ar; includeInIndex = 0; path = "libPods-PapillonWidgets.a"; sourceTree = BUILT_PRODUCTS_DIR; };
		2EB7816425AB45808F22F8D9 /* FixelText-Light.otf */ = {isa = PBXFileReference; includeInIndex = 0; lastKnownFileType = file; name = "FixelText-Light.otf"; path = "Fonts/FixelText-Light.otf"; sourceTree = "<group>"; };
		2FE381766589AFF5EB03E3AB /* Pods-PapillonWidgets.debug.xcconfig */ = {isa = PBXFileReference; includeInIndex = 1; lastKnownFileType = text.xcconfig; name = "Pods-PapillonWidgets.debug.xcconfig"; path = "Target Support Files/Pods-PapillonWidgets/Pods-PapillonWidgets.debug.xcconfig"; sourceTree = "<group>"; };
		32466D06DB280B7C81D6EAB5 /* Pods-Papillon.release.xcconfig */ = {isa = PBXFileReference; includeInIndex = 1; lastKnownFileType = text.xcconfig; name = "Pods-Papillon.release.xcconfig"; path = "Target Support Files/Pods-Papillon/Pods-Papillon.release.xcconfig"; sourceTree = "<group>"; };
		35E002D09EB948D6978C5266 /* PapillonWidgetStrings.json */ = {isa = PBXFileReference; includeInIndex = 0; lastKnownFileType = text.json; name = PapillonWidgetStrings.json; path = PapillonWidgetStrings.json; sourceTree = "<group>"; };
		363A17AFBC9F4B4695D6C16D /* FixelText-Medium.otf */ = {isa = PBXFileReference; includeInIndex = 0; lastKnownFileType = file; name = "FixelText-Medium.otf"; path = "Fonts/FixelText-Medium.otf"; sourceTree = "<group>"; };
		3917A1E9A4934CD7A1C5A4E4 /* FixelText-SemiBold.otf */ = {isa = PBXFileReference; includeInIndex = 0; lastKnownFileType = file; name = "FixelText-SemiBold.otf"; path = "Fonts/FixelText-SemiBold.otf"; sourceTree = "<group>"; };
		3BFDEAEEBB7948C0A3DBA8F8 /* SNPro-Medium.ttf */ = {isa = PBXFileReference; includeInIndex = 0; lastKnownFileType = file; name = "SNPro-Medium.ttf"; path = "Fonts/SNPro-Medium.ttf"; sourceTree = "<group>"; };
		3F8FA695815DCB8333777818 /* libPods-Papillon.a */ = {isa = PBXFileReference; explicitFileType = archive.ar; includeInIndex = 0; path = "libPods-Papillon.a"; sourceTree = BUILT_PRODUCTS_DIR; };
		51D74F3D9B334D24958CAB75 /* IBMPlexSerif-SemiBold.ttf */ = {isa = PBXFileReference; includeInIndex = 0; lastKnownFileType = file; name = "IBMPlexSerif-SemiBold.ttf"; path = "Fonts/IBMPlexSerif-SemiBold.ttf"; sourceTree = "<group>"; };
		58EDFE507BC044B7AEB18269 /* IBMPlexSerif-Light.ttf */ = {isa = PBXFileReference; includeInIndex = 0; lastKnownFileType = file; name = "IBMPlexSerif-Light.ttf"; path = "Fonts/IBMPlexSerif-Light.ttf"; sourceTree = "<group>"; };
		625C42CE1C724E38830C26EF /* PapillonWidgets.appex */ = {isa = PBXFileReference; explicitFileType = "wrapper.app-extension"; fileEncoding = undefined; includeInIndex = 0; lastKnownFileType = undefined; name = PapillonWidgets.appex; path = PapillonWidgets.appex; sourceTree = BUILT_PRODUCTS_DIR; };
		71E9689549D546A18D1371C4 /* FixelText-Bold.otf */ = {isa = PBXFileReference; includeInIndex = 0; lastKnownFileType = file; name = "FixelText-Bold.otf"; path = "Fonts/FixelText-Bold.otf"; sourceTree = "<group>"; };
		767E9DDC77224E33B0FCAA63 /* IBMPlexSerif-Bold.ttf */ = {isa = PBXFileReference; includeInIndex = 0; lastKnownFileType = file; name = "IBMPlexSerif-Bold.ttf"; path = "Fonts/IBMPlexSerif-Bold.ttf"; sourceTree = "<group>"; };
		85ED0B093C374DFB87EC2668 /* Oxanium-Regular.ttf */ = {isa = PBXFileReference; includeInIndex = 0; lastKnownFileType = file; name = "Oxanium-Regular.ttf"; path = "Fonts/Oxanium-Regular.ttf"; sourceTree = "<group>"; };
		9294A4C85FFD45458B703BF1 /* IBMPlexSerif-Medium.ttf */ = {isa = PBXFileReference; includeInIndex = 0; lastKnownFileType = file; name = "IBMPlexSerif-Medium.ttf"; path = "Fonts/IBMPlexSerif-Medium.ttf"; sourceTree = "<group>"; };
		9E57C0D541564BE392A877C8 /* SNPro-Light.ttf */ = {isa = PBXFileReference; includeInIndex = 0; lastKnownFileType = file; name = "SNPro-Light.ttf"; path = "Fonts/SNPro-Light.ttf"; sourceTree = "<group>"; };
		A2F41DDF5DA54424A8B89E7A /* Courgette-Regular.ttf */ = {isa = PBXFileReference; includeInIndex = 0; lastKnownFileType = file; name = "Courgette-Regular.ttf"; path = "Fonts/Courgette-Regular.ttf"; sourceTree = "<group>"; };
		AA286B85B6C04FC6940260E9 /* SplashScreen.storyboard */ = {isa = PBXFileReference; fileEncoding = 4; lastKnownFileType = file.storyboard; name = SplashScreen.storyboard; path = Papillon/SplashScreen.storyboard; sourceTree = "<group>"; };
		AB51B02F4EB6420784AAC534 /* PapillonWidgets.swift */ = {isa = PBXFileReference; explicitFileType = undefined; fileEncoding = 4; includeInIndex = 0; lastKnownFileType = sourcecode.swift; name = PapillonWidgets.swift; path = PapillonWidgets.swift; sourceTree = "<group>"; };
		B353C6DFA8C346A695A527EC /* Oxanium-Medium.ttf */ = {isa = PBXFileReference; includeInIndex = 0; lastKnownFileType = file; name = "Oxanium-Medium.ttf"; path = "Fonts/Oxanium-Medium.ttf"; sourceTree = "<group>"; };
		B35A1A77E1614E98BA91C857 /* app.icon */ = {isa = PBXFileReference; explicitFileType = undefined; fileEncoding = undefined; includeInIndex = 0; lastKnownFileType = unknown; name = app.icon; path = Papillon/app.icon; sourceTree = "<group>"; };
		B5C21238C4C7B23D8B8C5180 /* PrivacyInfo.xcprivacy */ = {isa = PBXFileReference; includeInIndex = 1; name = PrivacyInfo.xcprivacy; path = Papillon/PrivacyInfo.xcprivacy; sourceTree = "<group>"; };
		B9C5B0D3CCD148988DBE5029 /* SNPro-Bold.ttf */ = {isa = PBXFileReference; includeInIndex = 0; lastKnownFileType = file; name = "SNPro-Bold.ttf"; path = "Fonts/SNPro-Bold.ttf"; sourceTree = "<group>"; };
		BB2F792C24A3F905000567C9 /* Expo.plist */ = {isa = PBXFileReference; fileEncoding = 4; lastKnownFileType = text.plist.xml; path = Expo.plist; sourceTree = "<group>"; };
		C35F335942D54B29B7673473 /* IBMPlexSerif-Regular.ttf */ = {isa = PBXFileReference; includeInIndex = 0; lastKnownFileType = file; name = "IBMPlexSerif-Regular.ttf"; path = "Fonts/IBMPlexSerif-Regular.ttf"; sourceTree = "<group>"; };
		C6174DD74200463792624030 /* SNPro-Black.ttf */ = {isa = PBXFileReference; includeInIndex = 0; lastKnownFileType = file; name = "SNPro-Black.ttf"; path = "Fonts/SNPro-Black.ttf"; sourceTree = "<group>"; };
		C617C965CAE74FBB869C9693 /* AppShortcuts.xcstrings */ = {isa = PBXFileReference; includeInIndex = 0; lastKnownFileType = text.json.xcstrings; name = AppShortcuts.xcstrings; path = Papillon/AppShortcuts.xcstrings; sourceTree = "<group>"; };
		C92382E4B07D45398A7BA586 /* PapillonWidgets.entitlements */ = {isa = PBXFileReference; explicitFileType = undefined; fileEncoding = undefined; includeInIndex = 0; lastKnownFileType = unknown; name = PapillonWidgets.entitlements; path = PapillonWidgets.entitlements; sourceTree = "<group>"; };
		CC6AAEE611814226A3D547F9 /* SNPro-Regular.ttf */ = {isa = PBXFileReference; includeInIndex = 0; lastKnownFileType = file; name = "SNPro-Regular.ttf"; path = "Fonts/SNPro-Regular.ttf"; sourceTree = "<group>"; };
		CF950A33798140488B7658DE /* Oxanium-SemiBold.ttf */ = {isa = PBXFileReference; includeInIndex = 0; lastKnownFileType = file; name = "Oxanium-SemiBold.ttf"; path = "Fonts/Oxanium-SemiBold.ttf"; sourceTree = "<group>"; };
		CFB0FB0A2ED9A36C55163D8C /* ExpoModulesProvider.swift */ = {isa = PBXFileReference; includeInIndex = 1; lastKnownFileType = sourcecode.swift; name = ExpoModulesProvider.swift; path = "Pods/Target Support Files/Pods-Papillon/ExpoModulesProvider.swift"; sourceTree = "<group>"; };
		D98E5520F32B4D4BAEED1390 /* Oxanium-Bold.ttf */ = {isa = PBXFileReference; includeInIndex = 0; lastKnownFileType = file; name = "Oxanium-Bold.ttf"; path = "Fonts/Oxanium-Bold.ttf"; sourceTree = "<group>"; };
		DCBB5DB969974CD2992F0EB6 /* FixelText-Regular.otf */ = {isa = PBXFileReference; includeInIndex = 0; lastKnownFileType = file; name = "FixelText-Regular.otf"; path = "Fonts/FixelText-Regular.otf"; sourceTree = "<group>"; };
		E762F1065C1640FB94E4E2A0 /* Info.plist */ = {isa = PBXFileReference; explicitFileType = undefined; fileEncoding = 4; includeInIndex = 0; lastKnownFileType = text.plist.xml; name = Info.plist; path = Info.plist; sourceTree = "<group>"; };
		ED297162215061F000B7C4FE /* JavaScriptCore.framework */ = {isa = PBXFileReference; lastKnownFileType = wrapper.framework; name = JavaScriptCore.framework; path = System/Library/Frameworks/JavaScriptCore.framework; sourceTree = SDKROOT; };
		EF540BA6471E1253DDDC33DA /* Pods-PapillonWidgets.release.xcconfig */ = {isa = PBXFileReference; includeInIndex = 1; lastKnownFileType = text.xcconfig; name = "Pods-PapillonWidgets.release.xcconfig"; path = "Target Support Files/Pods-PapillonWidgets/Pods-PapillonWidgets.release.xcconfig"; sourceTree = "<group>"; };
		F11748412D0307B40044C1D9 /* AppDelegate.swift */ = {isa = PBXFileReference; lastKnownFileType = sourcecode.swift; name = AppDelegate.swift; path = Papillon/AppDelegate.swift; sourceTree = "<group>"; };
		F11748432D0307B40044C1D9 /* SceneDelegate.swift */ = {isa = PBXFileReference; lastKnownFileType = sourcecode.swift; name = SceneDelegate.swift; path = Papillon/SceneDelegate.swift; sourceTree = "<group>"; };
		F11748442D0722820044C1D9 /* Papillon-Bridging-Header.h */ = {isa = PBXFileReference; lastKnownFileType = sourcecode.c.h; name = "Papillon-Bridging-Header.h"; path = "Papillon/Papillon-Bridging-Header.h"; sourceTree = "<group>"; };
		F3F3E87DE8A3463DA67F408A /* PapillonAppShortcuts.swift */ = {isa = PBXFileReference; explicitFileType = undefined; fileEncoding = 4; includeInIndex = 0; lastKnownFileType = sourcecode.swift; name = PapillonAppShortcuts.swift; path = Papillon/PapillonAppShortcuts.swift; sourceTree = "<group>"; };
		F9B82A5AF38B413A80AD9CAE /* SNPro-Semibold.ttf */ = {isa = PBXFileReference; includeInIndex = 0; lastKnownFileType = file; name = "SNPro-Semibold.ttf"; path = "Fonts/SNPro-Semibold.ttf"; sourceTree = "<group>"; };
/* End PBXFileReference section */

/* Begin PBXFrameworksBuildPhase section */
		13B07F8C1A680F5B00A75B9A /* Frameworks */ = {
			isa = PBXFrameworksBuildPhase;
			buildActionMask = 2147483647;
			files = (
				6044E08BD2241A25F10AA425 /* libPods-Papillon.a in Frameworks */,
			);
			runOnlyForDeploymentPostprocessing = 0;
		};
		BA1C7A81144A471682077D49 /* Frameworks */ = {
			isa = PBXFrameworksBuildPhase;
			buildActionMask = 2147483647;
			files = (
				24C97C8C8E44109D966F2F47 /* libPods-PapillonWidgets.a in Frameworks */,
			);
			runOnlyForDeploymentPostprocessing = 0;
		};
/* End PBXFrameworksBuildPhase section */

/* Begin PBXGroup section */
		13B07FAE1A68108700A75B9A /* Papillon */ = {
			isa = PBXGroup;
			children = (
				F11748412D0307B40044C1D9 /* AppDelegate.swift */,
				F11748432D0307B40044C1D9 /* SceneDelegate.swift */,
				F11748442D0722820044C1D9 /* Papillon-Bridging-Header.h */,
				BB2F792B24A3F905000567C9 /* Supporting */,
				13B07FB51A68108700A75B9A /* Images.xcassets */,
				13B07FB61A68108700A75B9A /* Info.plist */,
				AA286B85B6C04FC6940260E9 /* SplashScreen.storyboard */,
				B35A1A77E1614E98BA91C857 /* app.icon */,
				F3F3E87DE8A3463DA67F408A /* PapillonAppShortcuts.swift */,
				C617C965CAE74FBB869C9693 /* AppShortcuts.xcstrings */,
				B5C21238C4C7B23D8B8C5180 /* PrivacyInfo.xcprivacy */,
			);
			name = Papillon;
			sourceTree = "<group>";
		};
		2410E5B0950E49C59193D9B5 /* PapillonWidgets */ = {
			isa = PBXGroup;
			children = (
				AB51B02F4EB6420784AAC534 /* PapillonWidgets.swift */,
				35E002D09EB948D6978C5266 /* PapillonWidgetStrings.json */,
				A2F41DDF5DA54424A8B89E7A /* Courgette-Regular.ttf */,
				71E9689549D546A18D1371C4 /* FixelText-Bold.otf */,
				2EB7816425AB45808F22F8D9 /* FixelText-Light.otf */,
				363A17AFBC9F4B4695D6C16D /* FixelText-Medium.otf */,
				DCBB5DB969974CD2992F0EB6 /* FixelText-Regular.otf */,
				3917A1E9A4934CD7A1C5A4E4 /* FixelText-SemiBold.otf */,
				767E9DDC77224E33B0FCAA63 /* IBMPlexSerif-Bold.ttf */,
				58EDFE507BC044B7AEB18269 /* IBMPlexSerif-Light.ttf */,
				9294A4C85FFD45458B703BF1 /* IBMPlexSerif-Medium.ttf */,
				C35F335942D54B29B7673473 /* IBMPlexSerif-Regular.ttf */,
				51D74F3D9B334D24958CAB75 /* IBMPlexSerif-SemiBold.ttf */,
				D98E5520F32B4D4BAEED1390 /* Oxanium-Bold.ttf */,
				09E5B7389FF4460DB25B6B44 /* Oxanium-Light.ttf */,
				B353C6DFA8C346A695A527EC /* Oxanium-Medium.ttf */,
				85ED0B093C374DFB87EC2668 /* Oxanium-Regular.ttf */,
				CF950A33798140488B7658DE /* Oxanium-SemiBold.ttf */,
				C6174DD74200463792624030 /* SNPro-Black.ttf */,
				B9C5B0D3CCD148988DBE5029 /* SNPro-Bold.ttf */,
				9E57C0D541564BE392A877C8 /* SNPro-Light.ttf */,
				3BFDEAEEBB7948C0A3DBA8F8 /* SNPro-Medium.ttf */,
				CC6AAEE611814226A3D547F9 /* SNPro-Regular.ttf */,
				F9B82A5AF38B413A80AD9CAE /* SNPro-Semibold.ttf */,
				E762F1065C1640FB94E4E2A0 /* Info.plist */,
				C92382E4B07D45398A7BA586 /* PapillonWidgets.entitlements */,
			);
			name = PapillonWidgets;
			path = PapillonWidgets;
			sourceTree = "<group>";
		};
		2D16E6871FA4F8E400B85C8A /* Frameworks */ = {
			isa = PBXGroup;
			children = (
				ED297162215061F000B7C4FE /* JavaScriptCore.framework */,
				3F8FA695815DCB8333777818 /* libPods-Papillon.a */,
				1A4DB4CBBF77221AE072DDE2 /* libPods-PapillonWidgets.a */,
			);
			name = Frameworks;
			sourceTree = "<group>";
		};
		347F0A7A730F762D91AB0E26 /* Papillon */ = {
			isa = PBXGroup;
			children = (
				CFB0FB0A2ED9A36C55163D8C /* ExpoModulesProvider.swift */,
			);
			name = Papillon;
			sourceTree = "<group>";
		};
		3CF44C8BB3FC9CB8FF2D5AFC /* Pods */ = {
			isa = PBXGroup;
			children = (
				0F5A4F177E6B159C6C05BE29 /* Pods-Papillon.debug.xcconfig */,
				32466D06DB280B7C81D6EAB5 /* Pods-Papillon.release.xcconfig */,
				2FE381766589AFF5EB03E3AB /* Pods-PapillonWidgets.debug.xcconfig */,
				EF540BA6471E1253DDDC33DA /* Pods-PapillonWidgets.release.xcconfig */,
			);
			name = Pods;
			path = Pods;
			sourceTree = "<group>";
		};
		832341AE1AAA6A7D00B99B32 /* Libraries */ = {
			isa = PBXGroup;
			children = (
			);
			name = Libraries;
			sourceTree = "<group>";
		};
		83CBB9F61A601CBA00E9B192 = {
			isa = PBXGroup;
			children = (
				13B07FAE1A68108700A75B9A /* Papillon */,
				832341AE1AAA6A7D00B99B32 /* Libraries */,
				83CBBA001A601CBA00E9B192 /* Products */,
				2D16E6871FA4F8E400B85C8A /* Frameworks */,
				2410E5B0950E49C59193D9B5 /* PapillonWidgets */,
				3CF44C8BB3FC9CB8FF2D5AFC /* Pods */,
				A46C808BB71934F16BC616EB /* ExpoModulesProviders */,
			);
			indentWidth = 2;
			sourceTree = "<group>";
			tabWidth = 2;
			usesTabs = 0;
		};
		83CBBA001A601CBA00E9B192 /* Products */ = {
			isa = PBXGroup;
			children = (
				13B07F961A680F5B00A75B9A /* Papillon.app */,
				625C42CE1C724E38830C26EF /* PapillonWidgets.appex */,
			);
			name = Products;
			sourceTree = "<group>";
		};
		A46C808BB71934F16BC616EB /* ExpoModulesProviders */ = {
			isa = PBXGroup;
			children = (
				347F0A7A730F762D91AB0E26 /* Papillon */,
			);
			name = ExpoModulesProviders;
			sourceTree = "<group>";
		};
		BB2F792B24A3F905000567C9 /* Supporting */ = {
			isa = PBXGroup;
			children = (
				BB2F792C24A3F905000567C9 /* Expo.plist */,
			);
			name = Supporting;
			path = Papillon/Supporting;
			sourceTree = "<group>";
		};
/* End PBXGroup section */

/* Begin PBXNativeTarget section */
		13B07F861A680F5B00A75B9A /* Papillon */ = {
			isa = PBXNativeTarget;
			buildConfigurationList = 13B07F931A680F5B00A75B9A /* Build configuration list for PBXNativeTarget "Papillon" */;
			buildPhases = (
				08A4A3CD28434E44B6B9DE2E /* [CP] Check Pods Manifest.lock */,
				A08486C1CFFEB5C1A922E4BE /* [Expo] Configure project */,
				13B07F871A680F5B00A75B9A /* Sources */,
				13B07F8C1A680F5B00A75B9A /* Frameworks */,
				13B07F8E1A680F5B00A75B9A /* Resources */,
				00DD1BFF1BD5951E006B06BC /* Bundle React Native code and images */,
				800E24972A6A228C8D4807E9 /* [CP] Copy Pods Resources */,
				89E9C317DDE84AB59881436A /* [Expo Dev Launcher] Strip Local Network Keys for Release */,
				04CECBFFF9354D2AA55AA872 /* Embed Foundation Extensions */,
				7B6428BC46C4B3CF7E4ACBB6 /* [CP] Embed Pods Frameworks */,
			);
			buildRules = (
			);
			dependencies = (
				221A86652C6344F8AC4E622E /* PBXTargetDependency */,
			);
			name = Papillon;
			productName = Papillon;
			productReference = 13B07F961A680F5B00A75B9A /* Papillon.app */;
			productType = "com.apple.product-type.application";
		};
		379E4846BB2E4A44903D6EA9 /* PapillonWidgets */ = {
			isa = PBXNativeTarget;
			buildConfigurationList = 669F353DA0254235B6E3C0C5 /* Build configuration list for PBXNativeTarget "PapillonWidgets" */;
			buildPhases = (
				54174F589F98A5317244D323 /* [CP] Check Pods Manifest.lock */,
				37EDB6D597AC452DB2311906 /* Sources */,
				9EF78ED5CCE94932B6361462 /* Resources */,
				BA1C7A81144A471682077D49 /* Frameworks */,
			);
			buildRules = (
			);
			dependencies = (
			);
			name = PapillonWidgets;
			productName = PapillonWidgets;
			productReference = 625C42CE1C724E38830C26EF /* PapillonWidgets.appex */;
			productType = "com.apple.product-type.app-extension";
		};
/* End PBXNativeTarget section */

/* Begin PBXProject section */
		83CBB9F71A601CBA00E9B192 /* Project object */ = {
			isa = PBXProject;
			attributes = {
				LastUpgradeCheck = 1130;
				TargetAttributes = {
					13B07F861A680F5B00A75B9A = {
						LastSwiftMigration = 1250;
					};
					379E4846BB2E4A44903D6EA9 = {
						CreatedOnToolsVersion = 27.0;
					};
				};
			};
			buildConfigurationList = 83CBB9FA1A601CBA00E9B192 /* Build configuration list for PBXProject "Papillon" */;
			compatibilityVersion = "Xcode 3.2";
			developmentRegion = en;
			hasScannedForEncodings = 0;
			knownRegions = (
				en,
				Base,
				fr,
			);
			mainGroup = 83CBB9F61A601CBA00E9B192;
			productRefGroup = 83CBBA001A601CBA00E9B192 /* Products */;
			projectDirPath = "";
			projectRoot = "";
			targets = (
				13B07F861A680F5B00A75B9A /* Papillon */,
				379E4846BB2E4A44903D6EA9 /* PapillonWidgets */,
			);
		};
/* End PBXProject section */

/* Begin PBXResourcesBuildPhase section */
		13B07F8E1A680F5B00A75B9A /* Resources */ = {
			isa = PBXResourcesBuildPhase;
			buildActionMask = 2147483647;
			files = (
				BB2F792D24A3F905000567C9 /* Expo.plist in Resources */,
				13B07FBF1A68108700A75B9A /* Images.xcassets in Resources */,
				3E461D99554A48A4959DE609 /* SplashScreen.storyboard in Resources */,
				2103166B224143C8B8335AA5 /* app.icon in Resources */,
				A12C2AB60B41423085E36246 /* AppShortcuts.xcstrings in Resources */,
				51688343F4C24B5465414DC1 /* PrivacyInfo.xcprivacy in Resources */,
			);
			runOnlyForDeploymentPostprocessing = 0;
		};
		9EF78ED5CCE94932B6361462 /* Resources */ = {
			isa = PBXResourcesBuildPhase;
			buildActionMask = 2147483647;
			files = (
				5E84A3C115814872B6B9FE17 /* PapillonWidgetStrings.json in Resources */,
				2D8BB73A921E4E7183FE7554 /* Courgette-Regular.ttf in Resources */,
				BA43217E682A455098F9F42E /* FixelText-Bold.otf in Resources */,
				B22923D5DBFC4066AB4C9906 /* FixelText-Light.otf in Resources */,
				730446F16A5148CB956E527D /* FixelText-Medium.otf in Resources */,
				EECB8CA580314E71B58FA757 /* FixelText-Regular.otf in Resources */,
				5E157C4870D543FA9FEC6299 /* FixelText-SemiBold.otf in Resources */,
				E40079933E4E4C749EB2C88A /* IBMPlexSerif-Bold.ttf in Resources */,
				097259421F2F48E6960697D7 /* IBMPlexSerif-Light.ttf in Resources */,
				B60984898BC94D6D9AFCED7B /* IBMPlexSerif-Medium.ttf in Resources */,
				64CE79265B1F42F880312BD5 /* IBMPlexSerif-Regular.ttf in Resources */,
				5ADDF9AF178E4085B3D76771 /* IBMPlexSerif-SemiBold.ttf in Resources */,
				D0051C42DD7640A793E05FAC /* Oxanium-Bold.ttf in Resources */,
				619B043C1EDA4AF2AEA53EB8 /* Oxanium-Light.ttf in Resources */,
				DCB29C8EC7D04FA6B579206E /* Oxanium-Medium.ttf in Resources */,
				C7C9A69619D64E7993EBC28D /* Oxanium-Regular.ttf in Resources */,
				42E4BA383A2B48828EA80D29 /* Oxanium-SemiBold.ttf in Resources */,
				A8F03999C36A4EA78DE54B69 /* SNPro-Black.ttf in Resources */,
				67782560AC0C4767892D166F /* SNPro-Bold.ttf in Resources */,
				7F79227FFB7F4B8088743EC0 /* SNPro-Light.ttf in Resources */,
				AFCA47EECF194451B91CC779 /* SNPro-Medium.ttf in Resources */,
				7CB4BC4CF41E43D28E743578 /* SNPro-Regular.ttf in Resources */,
				B05FAB30C2684153808EE354 /* SNPro-Semibold.ttf in Resources */,
			);
			runOnlyForDeploymentPostprocessing = 0;
		};
/* End PBXResourcesBuildPhase section */

/* Begin PBXShellScriptBuildPhase section */
		00DD1BFF1BD5951E006B06BC /* Bundle React Native code and images */ = {
			isa = PBXShellScriptBuildPhase;
			alwaysOutOfDate = 1;
			buildActionMask = 2147483647;
			files = (
			);
			inputPaths = (
				"$(SRCROOT)/.xcode.env",
				"$(SRCROOT)/.xcode.env.local",
			);
			name = "Bundle React Native code and images";
			outputPaths = (
			);
			runOnlyForDeploymentPostprocessing = 0;
			shellPath = /bin/sh;
			shellScript = "if [[ -f \"$SRCROOT/.xcode.env\" ]]; then\n  source \"$SRCROOT/.xcode.env\"\nfi\nif [[ -f \"$SRCROOT/.xcode.env.local\" ]]; then\n  source \"$SRCROOT/.xcode.env.local\"\nfi\n\n# The project root by default is one level up from the ios directory\nexport PROJECT_ROOT=\"$PROJECT_DIR\"/..\n\nif [[ \"$CONFIGURATION\" = *Debug* ]]; then\n  export SKIP_BUNDLING=1\nfi\nif [[ -z \"$ENTRY_FILE\" ]]; then\n  # Set the entry JS file using the bundler's entry resolution.\n  export ENTRY_FILE=\"$(\"$NODE_BINARY\" -e \"require('expo/scripts/resolveAppEntry')\" \"$PROJECT_ROOT\" ios absolute | tail -n 1)\"\nfi\n\nif [[ -z \"$CLI_PATH\" ]]; then\n  # Use Expo CLI\n  export CLI_PATH=\"$(\"$NODE_BINARY\" --print \"require.resolve('@expo/cli', { paths: [require.resolve('expo/package.json')] })\")\"\nfi\nif [[ -z \"$BUNDLE_COMMAND\" ]]; then\n  # Default Expo CLI command for bundling\n  export BUNDLE_COMMAND=\"export:embed\"\nfi\n\n# Source .xcode.env.updates if it exists to allow\n# SKIP_BUNDLING to be unset if needed\nif [[ -f \"$SRCROOT/.xcode.env.updates\" ]]; then\n  source \"$SRCROOT/.xcode.env.updates\"\nfi\n# Source local changes to allow overrides\n# if needed\nif [[ -f \"$SRCROOT/.xcode.env.local\" ]]; then\n  source \"$SRCROOT/.xcode.env.local\"\nfi\n\n\"`\"$NODE_BINARY\" --print \"require('path').dirname(require.resolve('react-native/package.json')) + '/scripts/react-native-xcode.sh'\"`\"\n\n";
		};
		08A4A3CD28434E44B6B9DE2E /* [CP] Check Pods Manifest.lock */ = {
			isa = PBXShellScriptBuildPhase;
			buildActionMask = 2147483647;
			files = (
			);
			inputFileListPaths = (
			);
			inputPaths = (
				"${PODS_PODFILE_DIR_PATH}/Podfile.lock",
				"${PODS_ROOT}/Manifest.lock",
			);
			name = "[CP] Check Pods Manifest.lock";
			outputFileListPaths = (
			);
			outputPaths = (
				"$(DERIVED_FILE_DIR)/Pods-Papillon-checkManifestLockResult.txt",
			);
			runOnlyForDeploymentPostprocessing = 0;
			shellPath = /bin/sh;
			shellScript = "diff \"${PODS_PODFILE_DIR_PATH}/Podfile.lock\" \"${PODS_ROOT}/Manifest.lock\" > /dev/null\nif [ $? != 0 ] ; then\n    # print error to STDERR\n    echo \"error: The sandbox is not in sync with the Podfile.lock. Run 'pod install' or update your CocoaPods installation.\" >&2\n    exit 1\nfi\n# This output is used by Xcode 'outputs' to avoid re-running this script phase.\necho \"SUCCESS\" > \"${SCRIPT_OUTPUT_FILE_0}\"\n";
			showEnvVarsInLog = 0;
		};
		54174F589F98A5317244D323 /* [CP] Check Pods Manifest.lock */ = {
			isa = PBXShellScriptBuildPhase;
			buildActionMask = 2147483647;
			files = (
			);
			inputFileListPaths = (
			);
			inputPaths = (
				"${PODS_PODFILE_DIR_PATH}/Podfile.lock",
				"${PODS_ROOT}/Manifest.lock",
			);
			name = "[CP] Check Pods Manifest.lock";
			outputFileListPaths = (
			);
			outputPaths = (
				"$(DERIVED_FILE_DIR)/Pods-PapillonWidgets-checkManifestLockResult.txt",
			);
			runOnlyForDeploymentPostprocessing = 0;
			shellPath = /bin/sh;
			shellScript = "diff \"${PODS_PODFILE_DIR_PATH}/Podfile.lock\" \"${PODS_ROOT}/Manifest.lock\" > /dev/null\nif [ $? != 0 ] ; then\n    # print error to STDERR\n    echo \"error: The sandbox is not in sync with the Podfile.lock. Run 'pod install' or update your CocoaPods installation.\" >&2\n    exit 1\nfi\n# This output is used by Xcode 'outputs' to avoid re-running this script phase.\necho \"SUCCESS\" > \"${SCRIPT_OUTPUT_FILE_0}\"\n";
			showEnvVarsInLog = 0;
		};
		7B6428BC46C4B3CF7E4ACBB6 /* [CP] Embed Pods Frameworks */ = {
			isa = PBXShellScriptBuildPhase;
			buildActionMask = 2147483647;
			files = (
			);
			inputPaths = (
				"${PODS_ROOT}/Target Support Files/Pods-Papillon/Pods-Papillon-frameworks.sh",
				"${PODS_XCFRAMEWORKS_BUILD_DIR}/ExpoCamera/ExpoCamera.framework/ExpoCamera",
				"${PODS_XCFRAMEWORKS_BUILD_DIR}/ExpoCameraBarcodeScanning/ExpoCameraBarcodeScanning.framework/ExpoCameraBarcodeScanning",
				"${PODS_XCFRAMEWORKS_BUILD_DIR}/ExpoCameraBarcodeScanning/ZXingObjC.framework/ZXingObjC",
				"${PODS_XCFRAMEWORKS_BUILD_DIR}/ExpoFileSystem/ExpoFileSystem.framework/ExpoFileSystem",
				"${PODS_XCFRAMEWORKS_BUILD_DIR}/ExpoFont/ExpoFont.framework/ExpoFont",
				"${PODS_XCFRAMEWORKS_BUILD_DIR}/ExpoLocation/ExpoLocation.framework/ExpoLocation",
				"${PODS_XCFRAMEWORKS_BUILD_DIR}/ExpoModulesCore/ExpoModulesCore.framework/ExpoModulesCore",
				"${PODS_XCFRAMEWORKS_BUILD_DIR}/ExpoModulesJSI/ExpoModulesJSI.framework/ExpoModulesJSI",
				"${PODS_XCFRAMEWORKS_BUILD_DIR}/ExpoModulesWorklets/ExpoModulesWorklets.framework/ExpoModulesWorklets",
				"${PODS_XCFRAMEWORKS_BUILD_DIR}/ExpoUI/ExpoUI.framework/ExpoUI",
				"${PODS_XCFRAMEWORKS_BUILD_DIR}/ExpoVideo/ExpoVideo.framework/ExpoVideo",
				"${PODS_XCFRAMEWORKS_BUILD_DIR}/React-Core-prebuilt/React.framework/React",
				"${PODS_XCFRAMEWORKS_BUILD_DIR}/ReactNativeDependencies/ReactNativeDependencies.framework/ReactNativeDependencies",
				"${PODS_XCFRAMEWORKS_BUILD_DIR}/hermes-engine/Pre-built/hermesvm.framework/hermesvm",
			);
			name = "[CP] Embed Pods Frameworks";
			outputPaths = (
				"${TARGET_BUILD_DIR}/${FRAMEWORKS_FOLDER_PATH}/ExpoCamera.framework",
				"${TARGET_BUILD_DIR}/${FRAMEWORKS_FOLDER_PATH}/ExpoCameraBarcodeScanning.framework",
				"${TARGET_BUILD_DIR}/${FRAMEWORKS_FOLDER_PATH}/ZXingObjC.framework",
				"${TARGET_BUILD_DIR}/${FRAMEWORKS_FOLDER_PATH}/ExpoFileSystem.framework",
				"${TARGET_BUILD_DIR}/${FRAMEWORKS_FOLDER_PATH}/ExpoFont.framework",
				"${TARGET_BUILD_DIR}/${FRAMEWORKS_FOLDER_PATH}/ExpoLocation.framework",
				"${TARGET_BUILD_DIR}/${FRAMEWORKS_FOLDER_PATH}/ExpoModulesCore.framework",
				"${TARGET_BUILD_DIR}/${FRAMEWORKS_FOLDER_PATH}/ExpoModulesJSI.framework",
				"${TARGET_BUILD_DIR}/${FRAMEWORKS_FOLDER_PATH}/ExpoModulesWorklets.framework",
				"${TARGET_BUILD_DIR}/${FRAMEWORKS_FOLDER_PATH}/ExpoUI.framework",
				"${TARGET_BUILD_DIR}/${FRAMEWORKS_FOLDER_PATH}/ExpoVideo.framework",
				"${TARGET_BUILD_DIR}/${FRAMEWORKS_FOLDER_PATH}/React.framework",
				"${TARGET_BUILD_DIR}/${FRAMEWORKS_FOLDER_PATH}/ReactNativeDependencies.framework",
				"${TARGET_BUILD_DIR}/${FRAMEWORKS_FOLDER_PATH}/hermesvm.framework",
			);
			runOnlyForDeploymentPostprocessing = 0;
			shellPath = /bin/sh;
			shellScript = "\"${PODS_ROOT}/Target Support Files/Pods-Papillon/Pods-Papillon-frameworks.sh\"\n";
			showEnvVarsInLog = 0;
		};
		800E24972A6A228C8D4807E9 /* [CP] Copy Pods Resources */ = {
			isa = PBXShellScriptBuildPhase;
			buildActionMask = 2147483647;
			files = (
			);
			inputPaths = (
				"${PODS_ROOT}/Target Support Files/Pods-Papillon/Pods-Papillon-resources.sh",
				"${PODS_CONFIGURATION_BUILD_DIR}/EXConstants/EXConstants.bundle",
				"${PODS_CONFIGURATION_BUILD_DIR}/EXConstants/ExpoConstants_privacy.bundle",
				"${PODS_CONFIGURATION_BUILD_DIR}/ExpoApplication/ExpoApplication_privacy.bundle",
				"${PODS_CONFIGURATION_BUILD_DIR}/ExpoDevice/ExpoDevice_privacy.bundle",
				"${PODS_CONFIGURATION_BUILD_DIR}/ExpoFileSystem/ExpoFileSystem_privacy.bundle",
				"${PODS_CONFIGURATION_BUILD_DIR}/ExpoLocalization/ExpoLocalization_privacy.bundle",
				"${PODS_CONFIGURATION_BUILD_DIR}/ExpoNotifications/ExpoNotifications_privacy.bundle",
				"${PODS_CONFIGURATION_BUILD_DIR}/ExpoSystemUI/ExpoSystemUI_privacy.bundle",
				"${PODS_CONFIGURATION_BUILD_DIR}/MMKV/MMKV_Privacy.bundle",
				"${PODS_CONFIGURATION_BUILD_DIR}/RNCAsyncStorage/RNCAsyncStorage_resources.bundle",
				"${PODS_CONFIGURATION_BUILD_DIR}/RNDeviceInfo/RNDeviceInfoPrivacyInfo.bundle",
				"${PODS_CONFIGURATION_BUILD_DIR}/RNSVG/RNSVGFilters.bundle",
				"${PODS_CONFIGURATION_BUILD_DIR}/React-cxxreact/React-cxxreact_privacy.bundle",
				"${PODS_CONFIGURATION_BUILD_DIR}/React-timing/React-timing_privacy.bundle",
				"${PODS_CONFIGURATION_BUILD_DIR}/SDWebImage/SDWebImage.bundle",
				"${PODS_CONFIGURATION_BUILD_DIR}/expo-dev-launcher/EXDevLauncher.bundle",
				"${PODS_CONFIGURATION_BUILD_DIR}/expo-dev-menu/EXDevMenu.bundle",
				"${PODS_CONFIGURATION_BUILD_DIR}/lottie-ios/LottiePrivacyInfo.bundle",
				"${PODS_CONFIGURATION_BUILD_DIR}/lottie-react-native/Lottie_React_Native_Privacy.bundle",
			);
			name = "[CP] Copy Pods Resources";
			outputPaths = (
				"${TARGET_BUILD_DIR}/${UNLOCALIZED_RESOURCES_FOLDER_PATH}/EXConstants.bundle",
				"${TARGET_BUILD_DIR}/${UNLOCALIZED_RESOURCES_FOLDER_PATH}/ExpoConstants_privacy.bundle",
				"${TARGET_BUILD_DIR}/${UNLOCALIZED_RESOURCES_FOLDER_PATH}/ExpoApplication_privacy.bundle",
				"${TARGET_BUILD_DIR}/${UNLOCALIZED_RESOURCES_FOLDER_PATH}/ExpoDevice_privacy.bundle",
				"${TARGET_BUILD_DIR}/${UNLOCALIZED_RESOURCES_FOLDER_PATH}/ExpoFileSystem_privacy.bundle",
				"${TARGET_BUILD_DIR}/${UNLOCALIZED_RESOURCES_FOLDER_PATH}/ExpoLocalization_privacy.bundle",
				"${TARGET_BUILD_DIR}/${UNLOCALIZED_RESOURCES_FOLDER_PATH}/ExpoNotifications_privacy.bundle",
				"${TARGET_BUILD_DIR}/${UNLOCALIZED_RESOURCES_FOLDER_PATH}/ExpoSystemUI_privacy.bundle",
				"${TARGET_BUILD_DIR}/${UNLOCALIZED_RESOURCES_FOLDER_PATH}/MMKV_Privacy.bundle",
				"${TARGET_BUILD_DIR}/${UNLOCALIZED_RESOURCES_FOLDER_PATH}/RNCAsyncStorage_resources.bundle",
				"${TARGET_BUILD_DIR}/${UNLOCALIZED_RESOURCES_FOLDER_PATH}/RNDeviceInfoPrivacyInfo.bundle",
				"${TARGET_BUILD_DIR}/${UNLOCALIZED_RESOURCES_FOLDER_PATH}/RNSVGFilters.bundle",
				"${TARGET_BUILD_DIR}/${UNLOCALIZED_RESOURCES_FOLDER_PATH}/React-cxxreact_privacy.bundle",
				"${TARGET_BUILD_DIR}/${UNLOCALIZED_RESOURCES_FOLDER_PATH}/React-timing_privacy.bundle",
				"${TARGET_BUILD_DIR}/${UNLOCALIZED_RESOURCES_FOLDER_PATH}/SDWebImage.bundle",
				"${TARGET_BUILD_DIR}/${UNLOCALIZED_RESOURCES_FOLDER_PATH}/EXDevLauncher.bundle",
				"${TARGET_BUILD_DIR}/${UNLOCALIZED_RESOURCES_FOLDER_PATH}/EXDevMenu.bundle",
				"${TARGET_BUILD_DIR}/${UNLOCALIZED_RESOURCES_FOLDER_PATH}/LottiePrivacyInfo.bundle",
				"${TARGET_BUILD_DIR}/${UNLOCALIZED_RESOURCES_FOLDER_PATH}/Lottie_React_Native_Privacy.bundle",
			);
			runOnlyForDeploymentPostprocessing = 0;
			shellPath = /bin/sh;
			shellScript = "\"${PODS_ROOT}/Target Support Files/Pods-Papillon/Pods-Papillon-resources.sh\"\n";
			showEnvVarsInLog = 0;
		};
		89E9C317DDE84AB59881436A /* [Expo Dev Launcher] Strip Local Network Keys for Release */ = {
			isa = PBXShellScriptBuildPhase;
			buildActionMask = 2147483647;
			files = (
			);
			inputPaths = (
			);
			name = "[Expo Dev Launcher] Strip Local Network Keys for Release";
			outputPaths = (
			);
			runOnlyForDeploymentPostprocessing = 0;
			shellPath = /bin/sh;
			shellScript = "# Strip dev-launcher-specific local network permission keys from release builds.\n# This only removes _expo._tcp Bonjour services and the dev-launcher usage description.\n# Other Bonjour services and custom descriptions are preserved for production use.\n#\n# Detect debug builds via the DEBUG compile condition rather than the configuration name,\n# so custom debug configurations (e.g. \"Dev\", \"Staging\") that define DEBUG keep the keys.\ncase \" $SWIFT_ACTIVE_COMPILATION_CONDITIONS \" in\n  *\" DEBUG \"*) IS_DEBUG_BUILD=1 ;;\n  *) IS_DEBUG_BUILD=0 ;;\nesac\n\nif [ \"$IS_DEBUG_BUILD\" != \"1\" ]; then\n  PLIST_PATH=\"${TARGET_BUILD_DIR}/${INFOPLIST_PATH}\"\n  if [ -f \"$PLIST_PATH\" ]; then\n    # Check if NSBonjourServices exists\n    if /usr/libexec/PlistBuddy -c \"Print :NSBonjourServices\" \"$PLIST_PATH\" >/dev/null 2>&1; then\n      # Get the count of services\n      COUNT=$(/usr/libexec/PlistBuddy -c \"Print :NSBonjourServices\" \"$PLIST_PATH\" 2>/dev/null | grep \"^    \" | wc -l | tr -d ' ')\n\n      # Remove _expo._tcp\n      for ((i=COUNT-1; i>=0; i--)); do\n        SERVICE=$(/usr/libexec/PlistBuddy -c \"Print :NSBonjourServices:$i\" \"$PLIST_PATH\" 2>/dev/null || echo \"\")\n        if echo \"$SERVICE\" | grep -q \"_expo._tcp\"; then\n          /usr/libexec/PlistBuddy -c \"Delete :NSBonjourServices:$i\" \"$PLIST_PATH\" 2>/dev/null || true\n        fi\n      done\n\n      # If the array is now empty, remove it entirely\n      REMAINING=$(/usr/libexec/PlistBuddy -c \"Print :NSBonjourServices\" \"$PLIST_PATH\" 2>/dev/null | grep \"^    \" | wc -l | tr -d ' ')\n      if [ \"$REMAINING\" -eq \"0\" ]; then\n        /usr/libexec/PlistBuddy -c \"Delete :NSBonjourServices\" \"$PLIST_PATH\" 2>/dev/null || true\n      fi\n    fi\n\n    # Only delete the description if it matches the dev-launcher default text\n    DESC=$(/usr/libexec/PlistBuddy -c \"Print :NSLocalNetworkUsageDescription\" \"$PLIST_PATH\" 2>/dev/null || echo \"\")\n    if echo \"$DESC\" | grep -q \"Expo Dev Launcher\"; then\n      /usr/libexec/PlistBuddy -c \"Delete :NSLocalNetworkUsageDescription\" \"$PLIST_PATH\" 2>/dev/null || true\n    fi\n  fi\nfi\n";
		};
		A08486C1CFFEB5C1A922E4BE /* [Expo] Configure project */ = {
			isa = PBXShellScriptBuildPhase;
			alwaysOutOfDate = 1;
			buildActionMask = 2147483647;
			files = (
			);
			inputFileListPaths = (
			);
			inputPaths = (
				"$(SRCROOT)/.xcode.env",
				"$(SRCROOT)/.xcode.env.local",
				"$(SRCROOT)/Papillon/Papillon.entitlements",
				"$(SRCROOT)/Pods/Target Support Files/Pods-Papillon/expo-configure-project.sh",
			);
			name = "[Expo] Configure project";
			outputFileListPaths = (
			);
			outputPaths = (
				"$(SRCROOT)/Pods/Target Support Files/Pods-Papillon/ExpoModulesProvider.swift",
			);
			runOnlyForDeploymentPostprocessing = 0;
			shellPath = /bin/sh;
			shellScript = "# This script configures Expo modules and generates the modules provider file.\nbash -l -c \"./Pods/Target\\ Support\\ Files/Pods-Papillon/expo-configure-project.sh\"\n";
		};
/* End PBXShellScriptBuildPhase section */

/* Begin PBXSourcesBuildPhase section */
		13B07F871A680F5B00A75B9A /* Sources */ = {
			isa = PBXSourcesBuildPhase;
			buildActionMask = 2147483647;
			files = (
				F11748422D0307B40044C1D9 /* AppDelegate.swift in Sources */,
				F11748442D0307B40044C1D9 /* SceneDelegate.swift in Sources */,
				B033A1327A064FEC893C70BB /* PapillonAppShortcuts.swift in Sources */,
				16B4DF78A342700505DEA6D5 /* ExpoModulesProvider.swift in Sources */,
			);
			runOnlyForDeploymentPostprocessing = 0;
		};
		37EDB6D597AC452DB2311906 /* Sources */ = {
			isa = PBXSourcesBuildPhase;
			buildActionMask = 2147483647;
			files = (
				04A8990B334049179A0AFF69 /* PapillonWidgets.swift in Sources */,
			);
			runOnlyForDeploymentPostprocessing = 0;
		};
/* End PBXSourcesBuildPhase section */

/* Begin PBXTargetDependency section */
		221A86652C6344F8AC4E622E /* PBXTargetDependency */ = {
			isa = PBXTargetDependency;
			target = 379E4846BB2E4A44903D6EA9 /* PapillonWidgets */;
			targetProxy = E504E86EE85B4CC09BBC0A94 /* PBXContainerItemProxy */;
		};
/* End PBXTargetDependency section */

/* Begin XCBuildConfiguration section */
		13B07F941A680F5B00A75B9A /* Debug */ = {
			isa = XCBuildConfiguration;
			baseConfigurationReference = 0F5A4F177E6B159C6C05BE29 /* Pods-Papillon.debug.xcconfig */;
			buildSettings = {
				ASSETCATALOG_COMPILER_APPICON_NAME = app;
				CLANG_ENABLE_MODULES = YES;
				CODE_SIGN_ENTITLEMENTS = Papillon/Papillon.entitlements;
				CURRENT_PROJECT_VERSION = 1;
				DEVELOPMENT_TEAM = 7RXNP6V83P;
				ENABLE_BITCODE = NO;
				GCC_PREPROCESSOR_DEFINITIONS = (
					"$(inherited)",
					"FB_SONARKIT_ENABLED=1",
				);
				INFOPLIST_FILE = Papillon/Info.plist;
				IPHONEOS_DEPLOYMENT_TARGET = 17.6;
				LD_RUNPATH_SEARCH_PATHS = (
					"$(inherited)",
					"@executable_path/Frameworks",
				);
				MACOSX_DEPLOYMENT_TARGET = 13.4;
				MARKETING_VERSION = 1.0;
				OTHER_LDFLAGS = (
					"$(inherited)",
					"-ObjC",
					"-lc++",
				);
				OTHER_SWIFT_FLAGS = "$(inherited) -D EXPO_CONFIGURATION_DEBUG";
				PRODUCT_BUNDLE_IDENTIFIER = xyz.getpapillon.ios;
				PRODUCT_NAME = Papillon;
				SWIFT_OBJC_BRIDGING_HEADER = "Papillon/Papillon-Bridging-Header.h";
				SWIFT_OPTIMIZATION_LEVEL = "-Onone";
				SWIFT_VERSION = 5.0;
				TARGETED_DEVICE_FAMILY = "1,2";
				VERSIONING_SYSTEM = "apple-generic";
			};
			name = Debug;
		};
		13B07F951A680F5B00A75B9A /* Release */ = {
			isa = XCBuildConfiguration;
			baseConfigurationReference = 32466D06DB280B7C81D6EAB5 /* Pods-Papillon.release.xcconfig */;
			buildSettings = {
				ASSETCATALOG_COMPILER_APPICON_NAME = app;
				CLANG_ENABLE_MODULES = YES;
				CODE_SIGN_ENTITLEMENTS = Papillon/Papillon.entitlements;
				CURRENT_PROJECT_VERSION = 1;
				DEVELOPMENT_TEAM = 7RXNP6V83P;
				INFOPLIST_FILE = Papillon/Info.plist;
				IPHONEOS_DEPLOYMENT_TARGET = 17.6;
				LD_RUNPATH_SEARCH_PATHS = (
					"$(inherited)",
					"@executable_path/Frameworks",
				);
				MACOSX_DEPLOYMENT_TARGET = 13.4;
				MARKETING_VERSION = 1.0;
				OTHER_LDFLAGS = (
					"$(inherited)",
					"-ObjC",
					"-lc++",
				);
				OTHER_SWIFT_FLAGS = "$(inherited) -D EXPO_CONFIGURATION_RELEASE";
				PRODUCT_BUNDLE_IDENTIFIER = xyz.getpapillon.ios;
				PRODUCT_NAME = Papillon;
				SWIFT_OBJC_BRIDGING_HEADER = "Papillon/Papillon-Bridging-Header.h";
				SWIFT_VERSION = 5.0;
				TARGETED_DEVICE_FAMILY = "1,2";
				VERSIONING_SYSTEM = "apple-generic";
			};
			name = Release;
		};
		284CA2B5C95A473C91A724D6 /* Release */ = {
			isa = XCBuildConfiguration;
			baseConfigurationReference = EF540BA6471E1253DDDC33DA /* Pods-PapillonWidgets.release.xcconfig */;
			buildSettings = {
				APPLICATION_EXTENSION_API_ONLY = YES;
				CODE_SIGN_ENTITLEMENTS = PapillonWidgets/PapillonWidgets.entitlements;
				CODE_SIGN_STYLE = Automatic;
				CURRENT_PROJECT_VERSION = 1;
				DEVELOPMENT_TEAM = 7RXNP6V83P;
				GENERATE_INFOPLIST_FILE = YES;
				INFOPLIST_FILE = PapillonWidgets/Info.plist;
				INFOPLIST_KEY_CFBundleDisplayName = Papillon;
				INFOPLIST_KEY_NSHumanReadableCopyright = "";
				IPHONEOS_DEPLOYMENT_TARGET = 17.6;
				LD_RUNPATH_SEARCH_PATHS = (
					"$(inherited)",
					"@executable_path/Frameworks",
					"@executable_path/../../Frameworks",
				);
				MARKETING_VERSION = 8.5.5;
				OTHER_SWIFT_FLAGS = "$(inherited) -D EXPO_CONFIGURATION_RELEASE";
				PRODUCT_BUNDLE_IDENTIFIER = xyz.getpapillon.ios.widgets;
				PRODUCT_NAME = "$(TARGET_NAME)";
				SKIP_INSTALL = YES;
				SWIFT_EMIT_LOC_STRINGS = YES;
				SWIFT_VERSION = 6.0;
				TARGETED_DEVICE_FAMILY = "1,2";
			};
			name = Release;
		};
		83CBBA201A601CBA00E9B192 /* Debug */ = {
			isa = XCBuildConfiguration;
			buildSettings = {
				ALWAYS_SEARCH_USER_PATHS = NO;
				CLANG_ANALYZER_LOCALIZABILITY_NONLOCALIZED = YES;
				CLANG_CXX_LANGUAGE_STANDARD = "c++20";
				CLANG_CXX_LIBRARY = "libc++";
				CLANG_ENABLE_MODULES = YES;
				CLANG_ENABLE_OBJC_ARC = YES;
				CLANG_WARN_BLOCK_CAPTURE_AUTORELEASING = YES;
				CLANG_WARN_BOOL_CONVERSION = YES;
				CLANG_WARN_COMMA = YES;
				CLANG_WARN_CONSTANT_CONVERSION = YES;
				CLANG_WARN_DEPRECATED_OBJC_IMPLEMENTATIONS = YES;
				CLANG_WARN_DIRECT_OBJC_ISA_USAGE = YES_ERROR;
				CLANG_WARN_EMPTY_BODY = YES;
				CLANG_WARN_ENUM_CONVERSION = YES;
				CLANG_WARN_INFINITE_RECURSION = YES;
				CLANG_WARN_INT_CONVERSION = YES;
				CLANG_WARN_NON_LITERAL_NULL_CONVERSION = YES;
				CLANG_WARN_OBJC_IMPLICIT_RETAIN_SELF = YES;
				CLANG_WARN_OBJC_LITERAL_CONVERSION = YES;
				CLANG_WARN_OBJC_ROOT_CLASS = YES_ERROR;
				CLANG_WARN_RANGE_LOOP_ANALYSIS = YES;
				CLANG_WARN_STRICT_PROTOTYPES = YES;
				CLANG_WARN_SUSPICIOUS_MOVE = YES;
				CLANG_WARN_UNREACHABLE_CODE = YES;
				CLANG_WARN__DUPLICATE_METHOD_MATCH = YES;
				"CODE_SIGN_IDENTITY[sdk=iphoneos*]" = "iPhone Developer";
				COPY_PHASE_STRIP = NO;
				ENABLE_STRICT_OBJC_MSGSEND = YES;
				ENABLE_TESTABILITY = YES;
				GCC_C_LANGUAGE_STANDARD = gnu99;
				GCC_DYNAMIC_NO_PIC = NO;
				GCC_NO_COMMON_BLOCKS = YES;
				GCC_OPTIMIZATION_LEVEL = 0;
				GCC_PREPROCESSOR_DEFINITIONS = (
					"DEBUG=1",
					"$(inherited)",
				);
				GCC_SYMBOLS_PRIVATE_EXTERN = NO;
				GCC_WARN_64_TO_32_BIT_CONVERSION = YES;
				GCC_WARN_ABOUT_RETURN_TYPE = YES_ERROR;
				GCC_WARN_UNDECLARED_SELECTOR = YES;
				GCC_WARN_UNINITIALIZED_AUTOS = YES_AGGRESSIVE;
				GCC_WARN_UNUSED_FUNCTION = YES;
				GCC_WARN_UNUSED_VARIABLE = YES;
				IPHONEOS_DEPLOYMENT_TARGET = 16.4;
				LD_RUNPATH_SEARCH_PATHS = (
					/usr/lib/swift,
					"$(inherited)",
				);
				LIBRARY_SEARCH_PATHS = "$(SDKROOT)/usr/lib/swift\"$(inherited)\"";
				MTL_ENABLE_DEBUG_INFO = YES;
				ONLY_ACTIVE_ARCH = YES;
				OTHER_CFLAGS = (
					"$(inherited)",
					"-DRCT_REMOVE_LEGACY_ARCH=1",
				);
				OTHER_CPLUSPLUSFLAGS = (
					"$(inherited)",
					"-DRCT_REMOVE_LEGACY_ARCH=1",
				);
				PODFILE_DIR = "$(SRCROOT)";
				REACT_NATIVE_PATH = "${PODS_ROOT}/../../node_modules/react-native";
				SDKROOT = iphoneos;
				SWIFT_ACTIVE_COMPILATION_CONDITIONS = "$(inherited) DEBUG";
				USE_HERMES = true;
			};
			name = Debug;
		};
		83CBBA211A601CBA00E9B192 /* Release */ = {
			isa = XCBuildConfiguration;
			buildSettings = {
				ALWAYS_SEARCH_USER_PATHS = NO;
				CLANG_ANALYZER_LOCALIZABILITY_NONLOCALIZED = YES;
				CLANG_CXX_LANGUAGE_STANDARD = "c++20";
				CLANG_CXX_LIBRARY = "libc++";
				CLANG_ENABLE_MODULES = YES;
				CLANG_ENABLE_OBJC_ARC = YES;
				CLANG_WARN_BLOCK_CAPTURE_AUTORELEASING = YES;
				CLANG_WARN_BOOL_CONVERSION = YES;
				CLANG_WARN_COMMA = YES;
				CLANG_WARN_CONSTANT_CONVERSION = YES;
				CLANG_WARN_DEPRECATED_OBJC_IMPLEMENTATIONS = YES;
				CLANG_WARN_DIRECT_OBJC_ISA_USAGE = YES_ERROR;
				CLANG_WARN_EMPTY_BODY = YES;
				CLANG_WARN_ENUM_CONVERSION = YES;
				CLANG_WARN_INFINITE_RECURSION = YES;
				CLANG_WARN_INT_CONVERSION = YES;
				CLANG_WARN_NON_LITERAL_NULL_CONVERSION = YES;
				CLANG_WARN_OBJC_IMPLICIT_RETAIN_SELF = YES;
				CLANG_WARN_OBJC_LITERAL_CONVERSION = YES;
				CLANG_WARN_OBJC_ROOT_CLASS = YES_ERROR;
				CLANG_WARN_RANGE_LOOP_ANALYSIS = YES;
				CLANG_WARN_STRICT_PROTOTYPES = YES;
				CLANG_WARN_SUSPICIOUS_MOVE = YES;
				CLANG_WARN_UNREACHABLE_CODE = YES;
				CLANG_WARN__DUPLICATE_METHOD_MATCH = YES;
				"CODE_SIGN_IDENTITY[sdk=iphoneos*]" = "iPhone Developer";
				COPY_PHASE_STRIP = YES;
				ENABLE_NS_ASSERTIONS = NO;
				ENABLE_STRICT_OBJC_MSGSEND = YES;
				GCC_C_LANGUAGE_STANDARD = gnu99;
				GCC_NO_COMMON_BLOCKS = YES;
				GCC_WARN_64_TO_32_BIT_CONVERSION = YES;
				GCC_WARN_ABOUT_RETURN_TYPE = YES_ERROR;
				GCC_WARN_UNDECLARED_SELECTOR = YES;
				GCC_WARN_UNINITIALIZED_AUTOS = YES_AGGRESSIVE;
				GCC_WARN_UNUSED_FUNCTION = YES;
				GCC_WARN_UNUSED_VARIABLE = YES;
				IPHONEOS_DEPLOYMENT_TARGET = 16.4;
				LD_RUNPATH_SEARCH_PATHS = (
					/usr/lib/swift,
					"$(inherited)",
				);
				LIBRARY_SEARCH_PATHS = "$(SDKROOT)/usr/lib/swift\"$(inherited)\"";
				MTL_ENABLE_DEBUG_INFO = NO;
				OTHER_CFLAGS = (
					"$(inherited)",
					"-DRCT_REMOVE_LEGACY_ARCH=1",
				);
				OTHER_CPLUSPLUSFLAGS = (
					"$(inherited)",
					"-DRCT_REMOVE_LEGACY_ARCH=1",
				);
				PODFILE_DIR = "$(SRCROOT)";
				REACT_NATIVE_PATH = "${PODS_ROOT}/../../node_modules/react-native";
				SDKROOT = iphoneos;
				USE_HERMES = true;
				VALIDATE_PRODUCT = YES;
			};
			name = Release;
		};
		E816132F645C419682301C08 /* Debug */ = {
			isa = XCBuildConfiguration;
			baseConfigurationReference = 2FE381766589AFF5EB03E3AB /* Pods-PapillonWidgets.debug.xcconfig */;
			buildSettings = {
				APPLICATION_EXTENSION_API_ONLY = YES;
				CODE_SIGN_ENTITLEMENTS = PapillonWidgets/PapillonWidgets.entitlements;
				CODE_SIGN_STYLE = Automatic;
				CURRENT_PROJECT_VERSION = 1;
				DEVELOPMENT_TEAM = 7RXNP6V83P;
				GENERATE_INFOPLIST_FILE = YES;
				INFOPLIST_FILE = PapillonWidgets/Info.plist;
				INFOPLIST_KEY_CFBundleDisplayName = Papillon;
				INFOPLIST_KEY_NSHumanReadableCopyright = "";
				IPHONEOS_DEPLOYMENT_TARGET = 17.6;
				LD_RUNPATH_SEARCH_PATHS = (
					"$(inherited)",
					"@executable_path/Frameworks",
					"@executable_path/../../Frameworks",
				);
				MARKETING_VERSION = 8.5.5;
				OTHER_SWIFT_FLAGS = "$(inherited) -D EXPO_CONFIGURATION_DEBUG";
				PRODUCT_BUNDLE_IDENTIFIER = xyz.getpapillon.ios.widgets;
				PRODUCT_NAME = "$(TARGET_NAME)";
				SKIP_INSTALL = YES;
				SWIFT_EMIT_LOC_STRINGS = YES;
				SWIFT_VERSION = 6.0;
				TARGETED_DEVICE_FAMILY = "1,2";
			};
			name = Debug;
		};
/* End XCBuildConfiguration section */

/* Begin XCConfigurationList section */
		13B07F931A680F5B00A75B9A /* Build configuration list for PBXNativeTarget "Papillon" */ = {
			isa = XCConfigurationList;
			buildConfigurations = (
				13B07F941A680F5B00A75B9A /* Debug */,
				13B07F951A680F5B00A75B9A /* Release */,
			);
			defaultConfigurationIsVisible = 0;
			defaultConfigurationName = Release;
		};
		669F353DA0254235B6E3C0C5 /* Build configuration list for PBXNativeTarget "PapillonWidgets" */ = {
			isa = XCConfigurationList;
			buildConfigurations = (
				E816132F645C419682301C08 /* Debug */,
				284CA2B5C95A473C91A724D6 /* Release */,
			);
			defaultConfigurationIsVisible = 0;
			defaultConfigurationName = Release;
		};
		83CBB9FA1A601CBA00E9B192 /* Build configuration list for PBXProject "Papillon" */ = {
			isa = XCConfigurationList;
			buildConfigurations = (
				83CBBA201A601CBA00E9B192 /* Debug */,
				83CBBA211A601CBA00E9B192 /* Release */,
			);
			defaultConfigurationIsVisible = 0;
			defaultConfigurationName = Release;
		};
/* End XCConfigurationList section */
	};
	rootObject = 83CBB9F71A601CBA00E9B192 /* Project object */;
}
